
Microsoft Visual Studio Solution File, Format Version 12.00
# Visual Studio Version 16
VisualStudioVersion = 16.0.30717.126
MinimumVisualStudioVersion = 10.0.40219.1
Project("{8BC9CEB8-8B4A-11D0-8D11-00A0C91BC942}") = "c++", "c++.vcxproj", "{BDDD348D-1944-4365-A63A-59BD8E121ABD}"
EndProject
Project("{8BC9CEB8-8B4A-11D0-8D11-00A0C91BC942}") = "1001", "..\1001\1001.vcxproj", "{CCCF56F5-515F-4A89-BA69-2EBEF56EEA73}"
EndProject
Project("{8BC9CEB8-8B4A-11D0-8D11-00A0C91BC942}") = "1065", "..\1065\1065.vcxproj", "{73F4CEE6-3186-4A85-9373-F27C129A8591}"
EndProject
Project("{8BC9CEB8-8B4A-11D0-8D11-00A0C91BC942}") = "1110", "..\1110\1110.vcxproj", "{A31E1110-EEE3-40BF-BB2D-93B3558136B4}"
EndProject
Project("{8BC9CEB8-8B4A-11D0-8D11-00A0C91BC942}") = "1152", "..\1152\1152.vcxproj", "{67A248FD-F6B6-4910-B7C7-2FFCF756EF49}"
EndProject
Project("{8BC9CEB8-8B4A-11D0-8D11-00A0C91BC942}") = "1181", "..\1181\1181.vcxproj", "{24A1700C-482E-41B2-B0CB-0EB4CBB498E9}"
EndProject
Project("{8BC9CEB8-8B4A-11D0-8D11-00A0C91BC942}") = "1330", "..\1330\1330.vcxproj", "{59D1F859-B91F-432F-9608-851681C2D90C}"
EndProject
Project("{8BC9CEB8-8B4A-11D0-8D11-00A0C91BC942}") = "1978", "..\1978\1978.vcxproj", "{5596503B-D91A-46EA-9FF8-C449625BA7C4}"
EndProject
Project("{8BC9CEB8-8B4A-11D0-8D11-00A0C91BC942}") = "2438", "..\2438\2438.vcxproj", "{20D3E640-2932-44FD-B8AA-0E51E7363270}"
EndProject
Project("{8BC9CEB8-8B4A-11D0-8D11-00A0C91BC942}") = "2439", "..\2439\2439.vcxproj", "{F15E159D-30A5-44CF-9B61-066FA2C3BB73}"
EndProject
Project("{8BC9CEB8-8B4A-11D0-8D11-00A0C91BC942}") = "2446", "..\2446\2446.vcxproj", "{174DA2DB-7C69-4F95-9EA8-E81D5C45D42D}"
EndProject
Project("{8BC9CEB8-8B4A-11D0-8D11-00A0C91BC942}") = "2523", "..\2523\2523.vcxproj", "{D5917558-0887-4745-947C-2F5CBE20DC04}"
EndProject
Project("{8BC9CEB8-8B4A-11D0-8D11-00A0C91BC942}") = "2588", "..\2588\2588.vcxproj", "{84315ECF-F9D6-4D5B-A9C5-AB8730AF54D7}"
EndProject
Project("{8BC9CEB8-8B4A-11D0-8D11-00A0C91BC942}") = "2748", "..\2748\2748.vcxproj", "{7626186B-B83F-47DC-8C1B-29B9246EA422}"
EndProject
Project("{8BC9CEB8-8B4A-11D0-8D11-00A0C91BC942}") = "2750", "..\2750\2750.vcxproj", "{12D4E8FE-D81C-4CBF-8106-40FF119CDDEA}"
EndProject
Project("{8BC9CEB8-8B4A-11D0-8D11-00A0C91BC942}") = "2751", "..\2751\2751.vcxproj", "{446D55F2-4E96-4CC1-BD57-0488E28E32DB}"
EndProject
Project("{8BC9CEB8-8B4A-11D0-8D11-00A0C91BC942}") = "2753", "..\2753\2753.vcxproj", "{A87D7B1E-5D23-4E5F-8219-BDA63179A01C}"
EndProject
Project("{8BC9CEB8-8B4A-11D0-8D11-00A0C91BC942}") = "2858", "..\2858\2858.vcxproj", "{D29547BE-CB0E-4ABD-9D51-A1FA5B119099}"
EndProject
Project("{8BC9CEB8-8B4A-11D0-8D11-00A0C91BC942}") = "2920", "..\2920\2920.vcxproj", "{AD5D677B-9EF6-4EF0-80BE-00130D4DE0E4}"
EndProject
Project("{8BC9CEB8-8B4A-11D0-8D11-00A0C91BC942}") = "3758", "..\3758\3758.vcxproj", "{B21BE788-1537-4CBD-AA08-481724FF6427}"
EndProject
Project("{8BC9CEB8-8B4A-11D0-8D11-00A0C91BC942}") = "4641", "..\4641\4641.vcxproj", "{079EDC2C-5A56-4646-812D-DDD2372E2806}"
EndProject
Project("{8BC9CEB8-8B4A-11D0-8D11-00A0C91BC942}") = "5622", "..\5622\5622.vcxproj", "{0FC38408-D33F-47CB-9C15-AF3FD0632D69}"
EndProject
Project("{8BC9CEB8-8B4A-11D0-8D11-00A0C91BC942}") = "7568", "..\7568\7568.vcxproj", "{7049C52B-8FD3-4AAF-99FD-1F34ADF919EE}"
EndProject
Project("{8BC9CEB8-8B4A-11D0-8D11-00A0C91BC942}") = "10814", "..\10814\10814.vcxproj", "{A88910A0-964B-4F65-8802-AB73EDF110A5}"
EndProject
Project("{8BC9CEB8-8B4A-11D0-8D11-00A0C91BC942}") = "10817", "..\10817\10817.vcxproj", "{D770B0E5-9738-4459-81FA-4DE19E9C1515}"
EndProject
Project("{8BC9CEB8-8B4A-11D0-8D11-00A0C91BC942}") = "10818", "..\10818\10818.vcxproj", "{696E4A8F-D8CC-4849-BD94-CCE3EF5B1905}"
EndProject
Project("{8BC9CEB8-8B4A-11D0-8D11-00A0C91BC942}") = "10825", "..\10825\10825.vcxproj", "{B3A2BFF0-B67C-411B-BD6A-5F368F641AB3}"
EndProject
Project("{8BC9CEB8-8B4A-11D0-8D11-00A0C91BC942}") = "10872", "..\10872\10872.vcxproj", "{54C82AB5-6167-4C86-929D-61A6C0372B38}"
EndProject
Project("{8BC9CEB8-8B4A-11D0-8D11-00A0C91BC942}") = "10989", "..\10989\10989.vcxproj", "{36E8EDA8-BECE-4D38-A2EA-08434D775A63}"
EndProject
Project("{8BC9CEB8-8B4A-11D0-8D11-00A0C91BC942}") = "11650", "..\11650\11650.vcxproj", "{E55400F1-B5A9-40B0-AA12-827E884356D5}"
EndProject
Project("{8BC9CEB8-8B4A-11D0-8D11-00A0C91BC942}") = "13410", "..\13410\13410.vcxproj", "{A48751D3-DB66-44E8-B693-670AFD5F412E}"
EndProject
Project("{8BC9CEB8-8B4A-11D0-8D11-00A0C91BC942}") = "15596", "..\15596\15596.vcxproj", "{0F08CCF7-4F74-4A40-9EB4-28F2BD68AE5C}"
EndProject
Project("{8BC9CEB8-8B4A-11D0-8D11-00A0C91BC942}") = "18247", "..\18247\18247.vcxproj", "{19FD7D9B-5013-43CF-98A9-86D63E1FD3F6}"
EndProject
Project("{8BC9CEB8-8B4A-11D0-8D11-00A0C91BC942}") = "10828", "..\10828\10828.vcxproj", "{2510D9D5-B27D-482C-B29C-B03BB8EAD175}"
EndProject
Project("{8BC9CEB8-8B4A-11D0-8D11-00A0C91BC942}") = "10773", "..\10773\10773.vcxproj", "{B4BF4B47-CB73-483C-B412-503DA7A28CC5}"
EndProject
Project("{8BC9CEB8-8B4A-11D0-8D11-00A0C91BC942}") = "2442", "..\2442\2442.vcxproj", "{A2BC3164-722A-4E03-9125-923DE8E96487}"
EndProject
Project("{8BC9CEB8-8B4A-11D0-8D11-00A0C91BC942}") = "12865", "..\12865\12865.vcxproj", "{B167A393-C34A-469C-A22F-2B254E1D7EBC}"
EndProject
Project("{8BC9CEB8-8B4A-11D0-8D11-00A0C91BC942}") = "2445", "..\2445\2445.vcxproj", "{D8E3D1A5-6060-4016-A41A-80ADE72175CA}"
EndProject
Project("{8BC9CEB8-8B4A-11D0-8D11-00A0C91BC942}") = "1085", "..\1085\1085.vcxproj", "{89657FF0-F4E8-45DF-9F38-313854FBD61C}"
EndProject
Project("{8BC9CEB8-8B4A-11D0-8D11-00A0C91BC942}") = "1546", "..\1546\1546.vcxproj", "{829C1109-0366-4A38-9472-2ADB89D0EFAB}"
EndProject
Project("{8BC9CEB8-8B4A-11D0-8D11-00A0C91BC942}") = "1037", "..\1037\1037.vcxproj", "{89869E66-2F63-40A6-86F2-4897D7F10CC8}"
EndProject
Project("{8BC9CEB8-8B4A-11D0-8D11-00A0C91BC942}") = "2839", "..\2839\2839.vcxproj", "{28EAA12A-9B22-4D08-AEB7-F456F4B2B708}"
EndProject
Project("{8BC9CEB8-8B4A-11D0-8D11-00A0C91BC942}") = "5585", "..\5585\5585.vcxproj", "{A1357B27-CC3C-4BC7-AA3B-4884F1F39EAE}"
EndProject
Project("{8BC9CEB8-8B4A-11D0-8D11-00A0C91BC942}") = "11047", "..\11047\11047.vcxproj", "{8833900C-72C5-4572-8B00-61E80CCE983D}"
EndProject
Project("{8BC9CEB8-8B4A-11D0-8D11-00A0C91BC942}") = "2217", "..\2217\2217.vcxproj", "{DF0F06C3-AB06-42D0-86F4-BC2310805D86}"
EndProject
Project("{8BC9CEB8-8B4A-11D0-8D11-00A0C91BC942}") = "1946", "..\1946\1946.vcxproj", "{BFE1C82C-AD05-437A-87A1-437FDF0B46CC}"
EndProject
Project("{8BC9CEB8-8B4A-11D0-8D11-00A0C91BC942}") = "2810", "..\2810\2810.vcxproj", "{452B252B-F214-430D-BC8A-CE4E641E377A}"
EndProject
Project("{8BC9CEB8-8B4A-11D0-8D11-00A0C91BC942}") = "15904", "..\15904\15904.vcxproj", "{BC55D057-702B-41D1-AC84-5A31A4066D14}"
EndProject
Project("{8BC9CEB8-8B4A-11D0-8D11-00A0C91BC942}") = "14720", "..\14720\14720.vcxproj", "{32B0CA13-4B90-4348-8E58-073119BBCD99}"
EndProject
Project("{8BC9CEB8-8B4A-11D0-8D11-00A0C91BC942}") = "10799(2)", "..\10799(2)\10799(2).vcxproj", "{3EB3E4E8-6931-4BF1-BBC4-F470B0F16144}"
EndProject
Project("{8BC9CEB8-8B4A-11D0-8D11-00A0C91BC942}") = "4949", "..\4949\4949.vcxproj", "{B87DA0FC-15ED-4906-BF9F-8749864DBBEE}"
EndProject
Project("{8BC9CEB8-8B4A-11D0-8D11-00A0C91BC942}") = "3986", "..\3986\3986.vcxproj", "{45397A03-6452-41A6-99B3-C1FF4769C075}"
EndProject
Project("{8BC9CEB8-8B4A-11D0-8D11-00A0C91BC942}") = "12605", "..\12605\12605.vcxproj", "{68CCE2F1-02BD-4608-811C-B48050E87692}"
EndProject
Project("{8BC9CEB8-8B4A-11D0-8D11-00A0C91BC942}") = "2828", "..\2828\2828.vcxproj", "{241E3828-5012-4C25-A721-9A1BD5083EDC}"
EndProject
Project("{8BC9CEB8-8B4A-11D0-8D11-00A0C91BC942}") = "2872", "..\2872\2872.vcxproj", "{50407269-FD27-4497-A63C-9DDD2223E686}"
EndProject
Project("{8BC9CEB8-8B4A-11D0-8D11-00A0C91BC942}") = "2812", "..\2812\2812.vcxproj", "{D48C4CF6-F29F-4BAE-B552-3C4E78F54C0F}"
EndProject
Project("{8BC9CEB8-8B4A-11D0-8D11-00A0C91BC942}") = "15815", "..\15815\15815.vcxproj", "{F6B379F3-3800-4624-A3FA-69555D0EF2DF}"
EndProject
Project("{8BC9CEB8-8B4A-11D0-8D11-00A0C91BC942}") = "16283", "..\16283\16283.vcxproj", "{8C3B56FF-8D13-4852-A4FF-C78687BC2769}"
EndProject
Project("{8BC9CEB8-8B4A-11D0-8D11-00A0C91BC942}") = "1264", "..\1264\1264.vcxproj", "{95D603FB-D47A-44C7-BE3C-278F7648E741}"
EndProject
Project("{8BC9CEB8-8B4A-11D0-8D11-00A0C91BC942}") = "10820", "..\10820\10820.vcxproj", "{D81EEBCF-7BB0-4DB5-A11A-C9B112872994}"
EndProject
Project("{8BC9CEB8-8B4A-11D0-8D11-00A0C91BC942}") = "11719", "..\11719\11719.vcxproj", "{AD68A0F5-D0A7-45A5-8E01-CCC77BD04DD3}"
EndProject
Project("{8BC9CEB8-8B4A-11D0-8D11-00A0C91BC942}") = "1935", "..\1935\1935.vcxproj", "{F5C17463-5E4D-4340-85BC-DBB611BB0807}"
EndProject
Project("{8BC9CEB8-8B4A-11D0-8D11-00A0C91BC942}") = "1260", "..\1260\1260.vcxproj", "{C792A476-7B86-44F7-8702-B70427E33DDE}"
EndProject
Project("{8BC9CEB8-8B4A-11D0-8D11-00A0C91BC942}") = "2606", "..\2606\2606.vcxproj", "{F405F888-24CA-4041-B237-CCD0BA24DF6E}"
EndProject
Project("{8BC9CEB8-8B4A-11D0-8D11-00A0C91BC942}") = "11724", "..\11724\11724.vcxproj", "{E8ACC9F2-1871-4A96-866C-B75C821ED83E}"
EndProject
Project("{8BC9CEB8-8B4A-11D0-8D11-00A0C91BC942}") = "4963", "..\4963\4963.vcxproj", "{A2C5B114-9028-410B-9DBA-718C640BC9F4}"
EndProject
Project("{8BC9CEB8-8B4A-11D0-8D11-00A0C91BC942}") = "14659", "..\14659\14659.vcxproj", "{21A51E7E-AB90-434B-91E9-E9CE4572137B}"
EndProject
Project("{8BC9CEB8-8B4A-11D0-8D11-00A0C91BC942}") = "2847", "..\2847\2847.vcxproj", "{1D29CD49-AC23-401B-921A-19FA2833D3E5}"
EndProject
Project("{8BC9CEB8-8B4A-11D0-8D11-00A0C91BC942}") = "20044", "..\20044\20044.vcxproj", "{FE560999-140E-405C-AF9E-F6E488762A16}"
EndProject
Project("{8BC9CEB8-8B4A-11D0-8D11-00A0C91BC942}") = "1931", "..\1931\1931.vcxproj", "{41E16A19-2F81-4986-B880-FE034D1C408B}"
EndProject
Project("{8BC9CEB8-8B4A-11D0-8D11-00A0C91BC942}") = "16206", "..\16206\16206.vcxproj", "{2A5C9A82-7C45-4200-81D0-230849675D4D}"
EndProject
Project("{8BC9CEB8-8B4A-11D0-8D11-00A0C91BC942}") = "7579", "..\7579\7579.vcxproj", "{311E9CFD-F8C0-44AA-A0E9-D0486BAB7F7C}"
EndProject
Project("{8BC9CEB8-8B4A-11D0-8D11-00A0C91BC942}") = "2248", "..\2248\2248.vcxproj", "{4941FF80-4EE2-497E-B8F6-B94A13668F03}"
EndProject
Project("{8BC9CEB8-8B4A-11D0-8D11-00A0C91BC942}") = "4796", "..\4796\4796.vcxproj", "{6BAA3BC2-AA45-4D13-ABE4-D1B2C33A87B1}"
EndProject
Project("{8BC9CEB8-8B4A-11D0-8D11-00A0C91BC942}") = "1080", "..\1080\1080.vcxproj", "{A0AAB4D2-D163-4AD6-8CB5-EDD423AA0B71}"
EndProject
Project("{8BC9CEB8-8B4A-11D0-8D11-00A0C91BC942}") = "19639", "..\19639\19639.vcxproj", "{0E35A144-D662-4CE6-976B-4224F91D145D}"
EndProject
Project("{8BC9CEB8-8B4A-11D0-8D11-00A0C91BC942}") = "11399", "..\11399\11399.vcxproj", "{218B33B8-ED1E-4AF0-923F-3822E77538F9}"
EndProject
Project("{8BC9CEB8-8B4A-11D0-8D11-00A0C91BC942}") = "12931", "..\12931\12931.vcxproj", "{016A3703-E781-4F83-AC81-984D53E801D8}"
EndProject
Project("{8BC9CEB8-8B4A-11D0-8D11-00A0C91BC942}") = "1339", "..\1339\1339.vcxproj", "{46BC1A6A-485C-4ADE-A877-41EE41DA5C08}"
EndProject
Project("{8BC9CEB8-8B4A-11D0-8D11-00A0C91BC942}") = "15650", "..\15650\15650.vcxproj", "{0E366BB6-505C-47C6-841C-0EB461DF9A6F}"
EndProject
Project("{8BC9CEB8-8B4A-11D0-8D11-00A0C91BC942}") = "15649", "..\15649\15649.vcxproj", "{F6125DFA-6628-4999-9ED6-8043C4842CA1}"
EndProject
Project("{8BC9CEB8-8B4A-11D0-8D11-00A0C91BC942}") = "9663", "..\9663\9663.vcxproj", "{A7982A1F-BC6E-4309-AEB3-D2EA21D85E1E}"
EndProject
Global
	GlobalSection(SolutionConfigurationPlatforms) = preSolution
		Debug|x64 = Debug|x64
		Debug|x86 = Debug|x86
		Release|x64 = Release|x64
		Release|x86 = Release|x86
	EndGlobalSection
	GlobalSection(ProjectConfigurationPlatforms) = postSolution
		{BDDD348D-1944-4365-A63A-59BD8E121ABD}.Debug|x64.ActiveCfg = Debug|x64
		{BDDD348D-1944-4365-A63A-59BD8E121ABD}.Debug|x64.Build.0 = Debug|x64
		{BDDD348D-1944-4365-A63A-59BD8E121ABD}.Debug|x86.ActiveCfg = Debug|Win32
		{BDDD348D-1944-4365-A63A-59BD8E121ABD}.Debug|x86.Build.0 = Debug|Win32
		{BDDD348D-1944-4365-A63A-59BD8E121ABD}.Release|x64.ActiveCfg = Release|x64
		{BDDD348D-1944-4365-A63A-59BD8E121ABD}.Release|x64.Build.0 = Release|x64
		{BDDD348D-1944-4365-A63A-59BD8E121ABD}.Release|x86.ActiveCfg = Release|Win32
		{BDDD348D-1944-4365-A63A-59BD8E121ABD}.Release|x86.Build.0 = Release|Win32
		{CCCF56F5-515F-4A89-BA69-2EBEF56EEA73}.Debug|x64.ActiveCfg = Debug|x64
		{CCCF56F5-515F-4A89-BA69-2EBEF56EEA73}.Debug|x64.Build.0 = Debug|x64
		{CCCF56F5-515F-4A89-BA69-2EBEF56EEA73}.Debug|x86.ActiveCfg = Debug|Win32
		{CCCF56F5-515F-4A89-BA69-2EBEF56EEA73}.Debug|x86.Build.0 = Debug|Win32
		{CCCF56F5-515F-4A89-BA69-2EBEF56EEA73}.Release|x64.ActiveCfg = Release|x64
		{CCCF56F5-515F-4A89-BA69-2EBEF56EEA73}.Release|x64.Build.0 = Release|x64
		{CCCF56F5-515F-4A89-BA69-2EBEF56EEA73}.Release|x86.ActiveCfg = Release|Win32
		{CCCF56F5-515F-4A89-BA69-2EBEF56EEA73}.Release|x86.Build.0 = Release|Win32
		{73F4CEE6-3186-4A85-9373-F27C129A8591}.Debug|x64.ActiveCfg = Debug|x64
		{73F4CEE6-3186-4A85-9373-F27C129A8591}.Debug|x64.Build.0 = Debug|x64
		{73F4CEE6-3186-4A85-9373-F27C129A8591}.Debug|x86.ActiveCfg = Debug|Win32
		{73F4CEE6-3186-4A85-9373-F27C129A8591}.Debug|x86.Build.0 = Debug|Win32
		{73F4CEE6-3186-4A85-9373-F27C129A8591}.Release|x64.ActiveCfg = Release|x64
		{73F4CEE6-3186-4A85-9373-F27C129A8591}.Release|x64.Build.0 = Release|x64
		{73F4CEE6-3186-4A85-9373-F27C129A8591}.Release|x86.ActiveCfg = Release|Win32
		{73F4CEE6-3186-4A85-9373-F27C129A8591}.Release|x86.Build.0 = Release|Win32
		{A31E1110-EEE3-40BF-BB2D-93B3558136B4}.Debug|x64.ActiveCfg = Debug|x64
		{A31E1110-EEE3-40BF-BB2D-93B3558136B4}.Debug|x64.Build.0 = Debug|x64
		{A31E1110-EEE3-40BF-BB2D-93B3558136B4}.Debug|x86.ActiveCfg = Debug|Win32
		{A31E1110-EEE3-40BF-BB2D-93B3558136B4}.Debug|x86.Build.0 = Debug|Win32
		{A31E1110-EEE3-40BF-BB2D-93B3558136B4}.Release|x64.ActiveCfg = Release|x64
		{A31E1110-EEE3-40BF-BB2D-93B3558136B4}.Release|x64.Build.0 = Release|x64
		{A31E1110-EEE3-40BF-BB2D-93B3558136B4}.Release|x86.ActiveCfg = Release|Win32
		{A31E1110-EEE3-40BF-BB2D-93B3558136B4}.Release|x86.Build.0 = Release|Win32
		{67A248FD-F6B6-4910-B7C7-2FFCF756EF49}.Debug|x64.ActiveCfg = Debug|x64
		{67A248FD-F6B6-4910-B7C7-2FFCF756EF49}.Debug|x64.Build.0 = Debug|x64
		{67A248FD-F6B6-4910-B7C7-2FFCF756EF49}.Debug|x86.ActiveCfg = Debug|Win32
		{67A248FD-F6B6-4910-B7C7-2FFCF756EF49}.Debug|x86.Build.0 = Debug|Win32
		{67A248FD-F6B6-4910-B7C7-2FFCF756EF49}.Release|x64.ActiveCfg = Release|x64
		{67A248FD-F6B6-4910-B7C7-2FFCF756EF49}.Release|x64.Build.0 = Release|x64
		{67A248FD-F6B6-4910-B7C7-2FFCF756EF49}.Release|x86.ActiveCfg = Release|Win32
		{67A248FD-F6B6-4910-B7C7-2FFCF756EF49}.Release|x86.Build.0 = Release|Win32
		{24A1700C-482E-41B2-B0CB-0EB4CBB498E9}.Debug|x64.ActiveCfg = Debug|x64
		{24A1700C-482E-41B2-B0CB-0EB4CBB498E9}.Debug|x64.Build.0 = Debug|x64
		{24A1700C-482E-41B2-B0CB-0EB4CBB498E9}.Debug|x86.ActiveCfg = Debug|Win32
		{24A1700C-482E-41B2-B0CB-0EB4CBB498E9}.Debug|x86.Build.0 = Debug|Win32
		{24A1700C-482E-41B2-B0CB-0EB4CBB498E9}.Release|x64.ActiveCfg = Release|x64
		{24A1700C-482E-41B2-B0CB-0EB4CBB498E9}.Release|x64.Build.0 = Release|x64
		{24A1700C-482E-41B2-B0CB-0EB4CBB498E9}.Release|x86.ActiveCfg = Release|Win32
		{24A1700C-482E-41B2-B0CB-0EB4CBB498E9}.Release|x86.Build.0 = Release|Win32
		{59D1F859-B91F-432F-9608-851681C2D90C}.Debug|x64.ActiveCfg = Debug|x64
		{59D1F859-B91F-432F-9608-851681C2D90C}.Debug|x64.Build.0 = Debug|x64
		{59D1F859-B91F-432F-9608-851681C2D90C}.Debug|x86.ActiveCfg = Debug|Win32
		{59D1F859-B91F-432F-9608-851681C2D90C}.Debug|x86.Build.0 = Debug|Win32
		{59D1F859-B91F-432F-9608-851681C2D90C}.Release|x64.ActiveCfg = Release|x64
		{59D1F859-B91F-432F-9608-851681C2D90C}.Release|x64.Build.0 = Release|x64
		{59D1F859-B91F-432F-9608-851681C2D90C}.Release|x86.ActiveCfg = Release|Win32
		{59D1F859-B91F-432F-9608-851681C2D90C}.Release|x86.Build.0 = Release|Win32
		{5596503B-D91A-46EA-9FF8-C449625BA7C4}.Debug|x64.ActiveCfg = Debug|x64
		{5596503B-D91A-46EA-9FF8-C449625BA7C4}.Debug|x64.Build.0 = Debug|x64
		{5596503B-D91A-46EA-9FF8-C449625BA7C4}.Debug|x86.ActiveCfg = Debug|Win32
		{5596503B-D91A-46EA-9FF8-C449625BA7C4}.Debug|x86.Build.0 = Debug|Win32
		{5596503B-D91A-46EA-9FF8-C449625BA7C4}.Release|x64.ActiveCfg = Release|x64
		{5596503B-D91A-46EA-9FF8-C449625BA7C4}.Release|x64.Build.0 = Release|x64
		{5596503B-D91A-46EA-9FF8-C449625BA7C4}.Release|x86.ActiveCfg = Release|Win32
		{5596503B-D91A-46EA-9FF8-C449625BA7C4}.Release|x86.Build.0 = Release|Win32
		{20D3E640-2932-44FD-B8AA-0E51E7363270}.Debug|x64.ActiveCfg = Debug|x64
		{20D3E640-2932-44FD-B8AA-0E51E7363270}.Debug|x64.Build.0 = Debug|x64
		{20D3E640-2932-44FD-B8AA-0E51E7363270}.Debug|x86.ActiveCfg = Debug|Win32
		{20D3E640-2932-44FD-B8AA-0E51E7363270}.Debug|x86.Build.0 = Debug|Win32
		{20D3E640-2932-44FD-B8AA-0E51E7363270}.Release|x64.ActiveCfg = Release|x64
		{20D3E640-2932-44FD-B8AA-0E51E7363270}.Release|x64.Build.0 = Release|x64
		{20D3E640-2932-44FD-B8AA-0E51E7363270}.Release|x86.ActiveCfg = Release|Win32
		{20D3E640-2932-44FD-B8AA-0E51E7363270}.Release|x86.Build.0 = Release|Win32
		{F15E159D-30A5-44CF-9B61-066FA2C3BB73}.Debug|x64.ActiveCfg = Debug|x64
		{F15E159D-30A5-44CF-9B61-066FA2C3BB73}.Debug|x64.Build.0 = Debug|x64
		{F15E159D-30A5-44CF-9B61-066FA2C3BB73}.Debug|x86.ActiveCfg = Debug|Win32
		{F15E159D-30A5-44CF-9B61-066FA2C3BB73}.Debug|x86.Build.0 = Debug|Win32
		{F15E159D-30A5-44CF-9B61-066FA2C3BB73}.Release|x64.ActiveCfg = Release|x64
		{F15E159D-30A5-44CF-9B61-066FA2C3BB73}.Release|x64.Build.0 = Release|x64
		{F15E159D-30A5-44CF-9B61-066FA2C3BB73}.Release|x86.ActiveCfg = Release|Win32
		{F15E159D-30A5-44CF-9B61-066FA2C3BB73}.Release|x86.Build.0 = Release|Win32
		{174DA2DB-7C69-4F95-9EA8-E81D5C45D42D}.Debug|x64.ActiveCfg = Debug|x64
		{174DA2DB-7C69-4F95-9EA8-E81D5C45D42D}.Debug|x64.Build.0 = Debug|x64
		{174DA2DB-7C69-4F95-9EA8-E81D5C45D42D}.Debug|x86.ActiveCfg = Debug|Win32
		{174DA2DB-7C69-4F95-9EA8-E81D5C45D42D}.Debug|x86.Build.0 = Debug|Win32
		{174DA2DB-7C69-4F95-9EA8-E81D5C45D42D}.Release|x64.ActiveCfg = Release|x64
		{174DA2DB-7C69-4F95-9EA8-E81D5C45D42D}.Release|x64.Build.0 = Release|x64
		{174DA2DB-7C69-4F95-9EA8-E81D5C45D42D}.Release|x86.ActiveCfg = Release|Win32
		{174DA2DB-7C69-4F95-9EA8-E81D5C45D42D}.Release|x86.Build.0 = Release|Win32
		{D5917558-0887-4745-947C-2F5CBE20DC04}.Debug|x64.ActiveCfg = Debug|x64
		{D5917558-0887-4745-947C-2F5CBE20DC04}.Debug|x64.Build.0 = Debug|x64
		{D5917558-0887-4745-947C-2F5CBE20DC04}.Debug|x86.ActiveCfg = Debug|Win32
		{D5917558-0887-4745-947C-2F5CBE20DC04}.Debug|x86.Build.0 = Debug|Win32
		{D5917558-0887-4745-947C-2F5CBE20DC04}.Release|x64.ActiveCfg = Release|x64
		{D5917558-0887-4745-947C-2F5CBE20DC04}.Release|x64.Build.0 = Release|x64
		{D5917558-0887-4745-947C-2F5CBE20DC04}.Release|x86.ActiveCfg = Release|Win32
		{D5917558-0887-4745-947C-2F5CBE20DC04}.Release|x86.Build.0 = Release|Win32
		{84315ECF-F9D6-4D5B-A9C5-AB8730AF54D7}.Debug|x64.ActiveCfg = Debug|x64
		{84315ECF-F9D6-4D5B-A9C5-AB8730AF54D7}.Debug|x64.Build.0 = Debug|x64
		{84315ECF-F9D6-4D5B-A9C5-AB8730AF54D7}.Debug|x86.ActiveCfg = Debug|Win32
		{84315ECF-F9D6-4D5B-A9C5-AB8730AF54D7}.Debug|x86.Build.0 = Debug|Win32
		{84315ECF-F9D6-4D5B-A9C5-AB8730AF54D7}.Release|x64.ActiveCfg = Release|x64
		{84315ECF-F9D6-4D5B-A9C5-AB8730AF54D7}.Release|x64.Build.0 = Release|x64
		{84315ECF-F9D6-4D5B-A9C5-AB8730AF54D7}.Release|x86.ActiveCfg = Release|Win32
		{84315ECF-F9D6-4D5B-A9C5-AB8730AF54D7}.Release|x86.Build.0 = Release|Win32
		{7626186B-B83F-47DC-8C1B-29B9246EA422}.Debug|x64.ActiveCfg = Debug|x64
		{7626186B-B83F-47DC-8C1B-29B9246EA422}.Debug|x64.Build.0 = Debug|x64
		{7626186B-B83F-47DC-8C1B-29B9246EA422}.Debug|x86.ActiveCfg = Debug|Win32
		{7626186B-B83F-47DC-8C1B-29B9246EA422}.Debug|x86.Build.0 = Debug|Win32
		{7626186B-B83F-47DC-8C1B-29B9246EA422}.Release|x64.ActiveCfg = Release|x64
		{7626186B-B83F-47DC-8C1B-29B9246EA422}.Release|x64.Build.0 = Release|x64
		{7626186B-B83F-47DC-8C1B-29B9246EA422}.Release|x86.ActiveCfg = Release|Win32
		{7626186B-B83F-47DC-8C1B-29B9246EA422}.Release|x86.Build.0 = Release|Win32
		{12D4E8FE-D81C-4CBF-8106-40FF119CDDEA}.Debug|x64.ActiveCfg = Debug|x64
		{12D4E8FE-D81C-4CBF-8106-40FF119CDDEA}.Debug|x64.Build.0 = Debug|x64
		{12D4E8FE-D81C-4CBF-8106-40FF119CDDEA}.Debug|x86.ActiveCfg = Debug|Win32
		{12D4E8FE-D81C-4CBF-8106-40FF119CDDEA}.Debug|x86.Build.0 = Debug|Win32
		{12D4E8FE-D81C-4CBF-8106-40FF119CDDEA}.Release|x64.ActiveCfg = Release|x64
		{12D4E8FE-D81C-4CBF-8106-40FF119CDDEA}.Release|x64.Build.0 = Release|x64
		{12D4E8FE-D81C-4CBF-8106-40FF119CDDEA}.Release|x86.ActiveCfg = Release|Win32
		{12D4E8FE-D81C-4CBF-8106-40FF119CDDEA}.Release|x86.Build.0 = Release|Win32
		{446D55F2-4E96-4CC1-BD57-0488E28E32DB}.Debug|x64.ActiveCfg = Debug|x64
		{446D55F2-4E96-4CC1-BD57-0488E28E32DB}.Debug|x64.Build.0 = Debug|x64
		{446D55F2-4E96-4CC1-BD57-0488E28E32DB}.Debug|x86.ActiveCfg = Debug|Win32
		{446D55F2-4E96-4CC1-BD57-0488E28E32DB}.Debug|x86.Build.0 = Debug|Win32
		{446D55F2-4E96-4CC1-BD57-0488E28E32DB}.Release|x64.ActiveCfg = Release|x64
		{446D55F2-4E96-4CC1-BD57-0488E28E32DB}.Release|x64.Build.0 = Release|x64
		{446D55F2-4E96-4CC1-BD57-0488E28E32DB}.Release|x86.ActiveCfg = Release|Win32
		{446D55F2-4E96-4CC1-BD57-0488E28E32DB}.Release|x86.Build.0 = Release|Win32
		{A87D7B1E-5D23-4E5F-8219-BDA63179A01C}.Debug|x64.ActiveCfg = Debug|x64
		{A87D7B1E-5D23-4E5F-8219-BDA63179A01C}.Debug|x64.Build.0 = Debug|x64
		{A87D7B1E-5D23-4E5F-8219-BDA63179A01C}.Debug|x86.ActiveCfg = Debug|Win32
		{A87D7B1E-5D23-4E5F-8219-BDA63179A01C}.Debug|x86.Build.0 = Debug|Win32
		{A87D7B1E-5D23-4E5F-8219-BDA63179A01C}.Release|x64.ActiveCfg = Release|x64
		{A87D7B1E-5D23-4E5F-8219-BDA63179A01C}.Release|x64.Build.0 = Release|x64
		{A87D7B1E-5D23-4E5F-8219-BDA63179A01C}.Release|x86.ActiveCfg = Release|Win32
		{A87D7B1E-5D23-4E5F-8219-BDA63179A01C}.Release|x86.Build.0 = Release|Win32
		{D29547BE-CB0E-4ABD-9D51-A1FA5B119099}.Debug|x64.ActiveCfg = Debug|x64
		{D29547BE-CB0E-4ABD-9D51-A1FA5B119099}.Debug|x64.Build.0 = Debug|x64
		{D29547BE-CB0E-4ABD-9D51-A1FA5B119099}.Debug|x86.ActiveCfg = Debug|Win32
		{D29547BE-CB0E-4ABD-9D51-A1FA5B119099}.Debug|x86.Build.0 = Debug|Win32
		{D29547BE-CB0E-4ABD-9D51-A1FA5B119099}.Release|x64.ActiveCfg = Release|x64
		{D29547BE-CB0E-4ABD-9D51-A1FA5B119099}.Release|x64.Build.0 = Release|x64
		{D29547BE-CB0E-4ABD-9D51-A1FA5B119099}.Release|x86.ActiveCfg = Release|Win32
		{D29547BE-CB0E-4ABD-9D51-A1FA5B119099}.Release|x86.Build.0 = Release|Win32
		{AD5D677B-9EF6-4EF0-80BE-00130D4DE0E4}.Debug|x64.ActiveCfg = Debug|x64
		{AD5D677B-9EF6-4EF0-80BE-00130D4DE0E4}.Debug|x64.Build.0 = Debug|x64
		{AD5D677B-9EF6-4EF0-80BE-00130D4DE0E4}.Debug|x86.ActiveCfg = Debug|Win32
		{AD5D677B-9EF6-4EF0-80BE-00130D4DE0E4}.Debug|x86.Build.0 = Debug|Win32
		{AD5D677B-9EF6-4EF0-80BE-00130D4DE0E4}.Release|x64.ActiveCfg = Release|x64
		{AD5D677B-9EF6-4EF0-80BE-00130D4DE0E4}.Release|x64.Build.0 = Release|x64
		{AD5D677B-9EF6-4EF0-80BE-00130D4DE0E4}.Release|x86.ActiveCfg = Release|Win32
		{AD5D677B-9EF6-4EF0-80BE-00130D4DE0E4}.Release|x86.Build.0 = Release|Win32
		{B21BE788-1537-4CBD-AA08-481724FF6427}.Debug|x64.ActiveCfg = Debug|x64
		{B21BE788-1537-4CBD-AA08-481724FF6427}.Debug|x64.Build.0 = Debug|x64
		{B21BE788-1537-4CBD-AA08-481724FF6427}.Debug|x86.ActiveCfg = Debug|Win32
		{B21BE788-1537-4CBD-AA08-481724FF6427}.Debug|x86.Build.0 = Debug|Win32
		{B21BE788-1537-4CBD-AA08-481724FF6427}.Release|x64.ActiveCfg = Release|x64
		{B21BE788-1537-4CBD-AA08-481724FF6427}.Release|x64.Build.0 = Release|x64
		{B21BE788-1537-4CBD-AA08-481724FF6427}.Release|x86.ActiveCfg = Release|Win32
		{B21BE788-1537-4CBD-AA08-481724FF6427}.Release|x86.Build.0 = Release|Win32
		{079EDC2C-5A56-4646-812D-DDD2372E2806}.Debug|x64.ActiveCfg = Debug|x64
		{079EDC2C-5A56-4646-812D-DDD2372E2806}.Debug|x64.Build.0 = Debug|x64
		{079EDC2C-5A56-4646-812D-DDD2372E2806}.Debug|x86.ActiveCfg = Debug|Win32
		{079EDC2C-5A56-4646-812D-DDD2372E2806}.Debug|x86.Build.0 = Debug|Win32
		{079EDC2C-5A56-4646-812D-DDD2372E2806}.Release|x64.ActiveCfg = Release|x64
		{079EDC2C-5A56-4646-812D-DDD2372E2806}.Release|x64.Build.0 = Release|x64
		{079EDC2C-5A56-4646-812D-DDD2372E2806}.Release|x86.ActiveCfg = Release|Win32
		{079EDC2C-5A56-4646-812D-DDD2372E2806}.Release|x86.Build.0 = Release|Win32
		{0FC38408-D33F-47CB-9C15-AF3FD0632D69}.Debug|x64.ActiveCfg = Debug|x64
		{0FC38408-D33F-47CB-9C15-AF3FD0632D69}.Debug|x64.Build.0 = Debug|x64
		{0FC38408-D33F-47CB-9C15-AF3FD0632D69}.Debug|x86.ActiveCfg = Debug|Win32
		{0FC38408-D33F-47CB-9C15-AF3FD0632D69}.Debug|x86.Build.0 = Debug|Win32
		{0FC38408-D33F-47CB-9C15-AF3FD0632D69}.Release|x64.ActiveCfg = Release|x64
		{0FC38408-D33F-47CB-9C15-AF3FD0632D69}.Release|x64.Build.0 = Release|x64
		{0FC38408-D33F-47CB-9C15-AF3FD0632D69}.Release|x86.ActiveCfg = Release|Win32
		{0FC38408-D33F-47CB-9C15-AF3FD0632D69}.Release|x86.Build.0 = Release|Win32
		{7049C52B-8FD3-4AAF-99FD-1F34ADF919EE}.Debug|x64.ActiveCfg = Debug|x64
		{7049C52B-8FD3-4AAF-99FD-1F34ADF919EE}.Debug|x64.Build.0 = Debug|x64
		{7049C52B-8FD3-4AAF-99FD-1F34ADF919EE}.Debug|x86.ActiveCfg = Debug|Win32
		{7049C52B-8FD3-4AAF-99FD-1F34ADF919EE}.Debug|x86.Build.0 = Debug|Win32
		{7049C52B-8FD3-4AAF-99FD-1F34ADF919EE}.Release|x64.ActiveCfg = Release|x64
		{7049C52B-8FD3-4AAF-99FD-1F34ADF919EE}.Release|x64.Build.0 = Release|x64
		{7049C52B-8FD3-4AAF-99FD-1F34ADF919EE}.Release|x86.ActiveCfg = Release|Win32
		{7049C52B-8FD3-4AAF-99FD-1F34ADF919EE}.Release|x86.Build.0 = Release|Win32
		{A88910A0-964B-4F65-8802-AB73EDF110A5}.Debug|x64.ActiveCfg = Debug|x64
		{A88910A0-964B-4F65-8802-AB73EDF110A5}.Debug|x64.Build.0 = Debug|x64
		{A88910A0-964B-4F65-8802-AB73EDF110A5}.Debug|x86.ActiveCfg = Debug|Win32
		{A88910A0-964B-4F65-8802-AB73EDF110A5}.Debug|x86.Build.0 = Debug|Win32
		{A88910A0-964B-4F65-8802-AB73EDF110A5}.Release|x64.ActiveCfg = Release|x64
		{A88910A0-964B-4F65-8802-AB73EDF110A5}.Release|x64.Build.0 = Release|x64
		{A88910A0-964B-4F65-8802-AB73EDF110A5}.Release|x86.ActiveCfg = Release|Win32
		{A88910A0-964B-4F65-8802-AB73EDF110A5}.Release|x86.Build.0 = Release|Win32
		{D770B0E5-9738-4459-81FA-4DE19E9C1515}.Debug|x64.ActiveCfg = Debug|x64
		{D770B0E5-9738-4459-81FA-4DE19E9C1515}.Debug|x64.Build.0 = Debug|x64
		{D770B0E5-9738-4459-81FA-4DE19E9C1515}.Debug|x86.ActiveCfg = Debug|Win32
		{D770B0E5-9738-4459-81FA-4DE19E9C1515}.Debug|x86.Build.0 = Debug|Win32
		{D770B0E5-9738-4459-81FA-4DE19E9C1515}.Release|x64.ActiveCfg = Release|x64
		{D770B0E5-9738-4459-81FA-4DE19E9C1515}.Release|x64.Build.0 = Release|x64
		{D770B0E5-9738-4459-81FA-4DE19E9C1515}.Release|x86.ActiveCfg = Release|Win32
		{D770B0E5-9738-4459-81FA-4DE19E9C1515}.Release|x86.Build.0 = Release|Win32
		{696E4A8F-D8CC-4849-BD94-CCE3EF5B1905}.Debug|x64.ActiveCfg = Debug|x64
		{696E4A8F-D8CC-4849-BD94-CCE3EF5B1905}.Debug|x64.Build.0 = Debug|x64
		{696E4A8F-D8CC-4849-BD94-CCE3EF5B1905}.Debug|x86.ActiveCfg = Debug|Win32
		{696E4A8F-D8CC-4849-BD94-CCE3EF5B1905}.Debug|x86.Build.0 = Debug|Win32
		{696E4A8F-D8CC-4849-BD94-CCE3EF5B1905}.Release|x64.ActiveCfg = Release|x64
		{696E4A8F-D8CC-4849-BD94-CCE3EF5B1905}.Release|x64.Build.0 = Release|x64
		{696E4A8F-D8CC-4849-BD94-CCE3EF5B1905}.Release|x86.ActiveCfg = Release|Win32
		{696E4A8F-D8CC-4849-BD94-CCE3EF5B1905}.Release|x86.Build.0 = Release|Win32
		{B3A2BFF0-B67C-411B-BD6A-5F368F641AB3}.Debug|x64.ActiveCfg = Debug|x64
		{B3A2BFF0-B67C-411B-BD6A-5F368F641AB3}.Debug|x64.Build.0 = Debug|x64
		{B3A2BFF0-B67C-411B-BD6A-5F368F641AB3}.Debug|x86.ActiveCfg = Debug|Win32
		{B3A2BFF0-B67C-411B-BD6A-5F368F641AB3}.Debug|x86.Build.0 = Debug|Win32
		{B3A2BFF0-B67C-411B-BD6A-5F368F641AB3}.Release|x64.ActiveCfg = Release|x64
		{B3A2BFF0-B67C-411B-BD6A-5F368F641AB3}.Release|x64.Build.0 = Release|x64
		{B3A2BFF0-B67C-411B-BD6A-5F368F641AB3}.Release|x86.ActiveCfg = Release|Win32
		{B3A2BFF0-B67C-411B-BD6A-5F368F641AB3}.Release|x86.Build.0 = Release|Win32
		{54C82AB5-6167-4C86-929D-61A6C0372B38}.Debug|x64.ActiveCfg = Debug|x64
		{54C82AB5-6167-4C86-929D-61A6C0372B38}.Debug|x64.Build.0 = Debug|x64
		{54C82AB5-6167-4C86-929D-61A6C0372B38}.Debug|x86.ActiveCfg = Debug|Win32
		{54C82AB5-6167-4C86-929D-61A6C0372B38}.Debug|x86.Build.0 = Debug|Win32
		{54C82AB5-6167-4C86-929D-61A6C0372B38}.Release|x64.ActiveCfg = Release|x64
		{54C82AB5-6167-4C86-929D-61A6C0372B38}.Release|x64.Build.0 = Release|x64
		{54C82AB5-6167-4C86-929D-61A6C0372B38}.Release|x86.ActiveCfg = Release|Win32
		{54C82AB5-6167-4C86-929D-61A6C0372B38}.Release|x86.Build.0 = Release|Win32
		{36E8EDA8-BECE-4D38-A2EA-08434D775A63}.Debug|x64.ActiveCfg = Debug|x64
		{36E8EDA8-BECE-4D38-A2EA-08434D775A63}.Debug|x64.Build.0 = Debug|x64
		{36E8EDA8-BECE-4D38-A2EA-08434D775A63}.Debug|x86.ActiveCfg = Debug|Win32
		{36E8EDA8-BECE-4D38-A2EA-08434D775A63}.Debug|x86.Build.0 = Debug|Win32
		{36E8EDA8-BECE-4D38-A2EA-08434D775A63}.Release|x64.ActiveCfg = Release|x64
		{36E8EDA8-BECE-4D38-A2EA-08434D775A63}.Release|x64.Build.0 = Release|x64
		{36E8EDA8-BECE-4D38-A2EA-08434D775A63}.Release|x86.ActiveCfg = Release|Win32
		{36E8EDA8-BECE-4D38-A2EA-08434D775A63}.Release|x86.Build.0 = Release|Win32
		{E55400F1-B5A9-40B0-AA12-827E884356D5}.Debug|x64.ActiveCfg = Debug|x64
		{E55400F1-B5A9-40B0-AA12-827E884356D5}.Debug|x64.Build.0 = Debug|x64
		{E55400F1-B5A9-40B0-AA12-827E884356D5}.Debug|x86.ActiveCfg = Debug|Win32
		{E55400F1-B5A9-40B0-AA12-827E884356D5}.Debug|x86.Build.0 = Debug|Win32
		{E55400F1-B5A9-40B0-AA12-827E884356D5}.Release|x64.ActiveCfg = Release|x64
		{E55400F1-B5A9-40B0-AA12-827E884356D5}.Release|x64.Build.0 = Release|x64
		{E55400F1-B5A9-40B0-AA12-827E884356D5}.Release|x86.ActiveCfg = Release|Win32
		{E55400F1-B5A9-40B0-AA12-827E884356D5}.Release|x86.Build.0 = Release|Win32
		{A48751D3-DB66-44E8-B693-670AFD5F412E}.Debug|x64.ActiveCfg = Debug|x64
		{A48751D3-DB66-44E8-B693-670AFD5F412E}.Debug|x64.Build.0 = Debug|x64
		{A48751D3-DB66-44E8-B693-670AFD5F412E}.Debug|x86.ActiveCfg = Debug|Win32
		{A48751D3-DB66-44E8-B693-670AFD5F412E}.Debug|x86.Build.0 = Debug|Win32
		{A48751D3-DB66-44E8-B693-670AFD5F412E}.Release|x64.ActiveCfg = Release|x64
		{A48751D3-DB66-44E8-B693-670AFD5F412E}.Release|x64.Build.0 = Release|x64
		{A48751D3-DB66-44E8-B693-670AFD5F412E}.Release|x86.ActiveCfg = Release|Win32
		{A48751D3-DB66-44E8-B693-670AFD5F412E}.Release|x86.Build.0 = Release|Win32
		{0F08CCF7-4F74-4A40-9EB4-28F2BD68AE5C}.Debug|x64.ActiveCfg = Debug|x64
		{0F08CCF7-4F74-4A40-9EB4-28F2BD68AE5C}.Debug|x64.Build.0 = Debug|x64
		{0F08CCF7-4F74-4A40-9EB4-28F2BD68AE5C}.Debug|x86.ActiveCfg = Debug|Win32
		{0F08CCF7-4F74-4A40-9EB4-28F2BD68AE5C}.Debug|x86.Build.0 = Debug|Win32
		{0F08CCF7-4F74-4A40-9EB4-28F2BD68AE5C}.Release|x64.ActiveCfg = Release|x64
		{0F08CCF7-4F74-4A40-9EB4-28F2BD68AE5C}.Release|x64.Build.0 = Release|x64
		{0F08CCF7-4F74-4A40-9EB4-28F2BD68AE5C}.Release|x86.ActiveCfg = Release|Win32
		{0F08CCF7-4F74-4A40-9EB4-28F2BD68AE5C}.Release|x86.Build.0 = Release|Win32
		{19FD7D9B-5013-43CF-98A9-86D63E1FD3F6}.Debug|x64.ActiveCfg = Debug|x64
		{19FD7D9B-5013-43CF-98A9-86D63E1FD3F6}.Debug|x64.Build.0 = Debug|x64
		{19FD7D9B-5013-43CF-98A9-86D63E1FD3F6}.Debug|x86.ActiveCfg = Debug|Win32
		{19FD7D9B-5013-43CF-98A9-86D63E1FD3F6}.Debug|x86.Build.0 = Debug|Win32
		{19FD7D9B-5013-43CF-98A9-86D63E1FD3F6}.Release|x64.ActiveCfg = Release|x64
		{19FD7D9B-5013-43CF-98A9-86D63E1FD3F6}.Release|x64.Build.0 = Release|x64
		{19FD7D9B-5013-43CF-98A9-86D63E1FD3F6}.Release|x86.ActiveCfg = Release|Win32
		{19FD7D9B-5013-43CF-98A9-86D63E1FD3F6}.Release|x86.Build.0 = Release|Win32
		{2510D9D5-B27D-482C-B29C-B03BB8EAD175}.Debug|x64.ActiveCfg = Debug|x64
		{2510D9D5-B27D-482C-B29C-B03BB8EAD175}.Debug|x64.Build.0 = Debug|x64
		{2510D9D5-B27D-482C-B29C-B03BB8EAD175}.Debug|x86.ActiveCfg = Debug|Win32
		{2510D9D5-B27D-482C-B29C-B03BB8EAD175}.Debug|x86.Build.0 = Debug|Win32
		{2510D9D5-B27D-482C-B29C-B03BB8EAD175}.Release|x64.ActiveCfg = Release|x64
		{2510D9D5-B27D-482C-B29C-B03BB8EAD175}.Release|x64.Build.0 = Release|x64
		{2510D9D5-B27D-482C-B29C-B03BB8EAD175}.Release|x86.ActiveCfg = Release|Win32
		{2510D9D5-B27D-482C-B29C-B03BB8EAD175}.Release|x86.Build.0 = Release|Win32
		{B4BF4B47-CB73-483C-B412-503DA7A28CC5}.Debug|x64.ActiveCfg = Debug|x64
		{B4BF4B47-CB73-483C-B412-503DA7A28CC5}.Debug|x64.Build.0 = Debug|x64
		{B4BF4B47-CB73-483C-B412-503DA7A28CC5}.Debug|x86.ActiveCfg = Debug|Win32
		{B4BF4B47-CB73-483C-B412-503DA7A28CC5}.Debug|x86.Build.0 = Debug|Win32
		{B4BF4B47-CB73-483C-B412-503DA7A28CC5}.Release|x64.ActiveCfg = Release|x64
		{B4BF4B47-CB73-483C-B412-503DA7A28CC5}.Release|x64.Build.0 = Release|x64
		{B4BF4B47-CB73-483C-B412-503DA7A28CC5}.Release|x86.ActiveCfg = Release|Win32
		{B4BF4B47-CB73-483C-B412-503DA7A28CC5}.Release|x86.Build.0 = Release|Win32
		{A2BC3164-722A-4E03-9125-923DE8E96487}.Debug|x64.ActiveCfg = Debug|x64
		{A2BC3164-722A-4E03-9125-923DE8E96487}.Debug|x64.Build.0 = Debug|x64
		{A2BC3164-722A-4E03-9125-923DE8E96487}.Debug|x86.ActiveCfg = Debug|Win32
		{A2BC3164-722A-4E03-9125-923DE8E96487}.Debug|x86.Build.0 = Debug|Win32
		{A2BC3164-722A-4E03-9125-923DE8E96487}.Release|x64.ActiveCfg = Release|x64
		{A2BC3164-722A-4E03-9125-923DE8E96487}.Release|x64.Build.0 = Release|x64
		{A2BC3164-722A-4E03-9125-923DE8E96487}.Release|x86.ActiveCfg = Release|Win32
		{A2BC3164-722A-4E03-9125-923DE8E96487}.Release|x86.Build.0 = Release|Win32
		{B167A393-C34A-469C-A22F-2B254E1D7EBC}.Debug|x64.ActiveCfg = Debug|x64
		{B167A393-C34A-469C-A22F-2B254E1D7EBC}.Debug|x64.Build.0 = Debug|x64
		{B167A393-C34A-469C-A22F-2B254E1D7EBC}.Debug|x86.ActiveCfg = Debug|Win32
		{B167A393-C34A-469C-A22F-2B254E1D7EBC}.Debug|x86.Build.0 = Debug|Win32
		{B167A393-C34A-469C-A22F-2B254E1D7EBC}.Release|x64.ActiveCfg = Release|x64
		{B167A393-C34A-469C-A22F-2B254E1D7EBC}.Release|x64.Build.0 = Release|x64
		{B167A393-C34A-469C-A22F-2B254E1D7EBC}.Release|x86.ActiveCfg = Release|Win32
		{B167A393-C34A-469C-A22F-2B254E1D7EBC}.Release|x86.Build.0 = Release|Win32
		{D8E3D1A5-6060-4016-A41A-80ADE72175CA}.Debug|x64.ActiveCfg = Debug|x64
		{D8E3D1A5-6060-4016-A41A-80ADE72175CA}.Debug|x64.Build.0 = Debug|x64
		{D8E3D1A5-6060-4016-A41A-80ADE72175CA}.Debug|x86.ActiveCfg = Debug|Win32
		{D8E3D1A5-6060-4016-A41A-80ADE72175CA}.Debug|x86.Build.0 = Debug|Win32
		{D8E3D1A5-6060-4016-A41A-80ADE72175CA}.Release|x64.ActiveCfg = Release|x64
		{D8E3D1A5-6060-4016-A41A-80ADE72175CA}.Release|x64.Build.0 = Release|x64
		{D8E3D1A5-6060-4016-A41A-80ADE72175CA}.Release|x86.ActiveCfg = Release|Win32
		{D8E3D1A5-6060-4016-A41A-80ADE72175CA}.Release|x86.Build.0 = Release|Win32
		{89657FF0-F4E8-45DF-9F38-313854FBD61C}.Debug|x64.ActiveCfg = Debug|x64
		{89657FF0-F4E8-45DF-9F38-313854FBD61C}.Debug|x64.Build.0 = Debug|x64
		{89657FF0-F4E8-45DF-9F38-313854FBD61C}.Debug|x86.ActiveCfg = Debug|Win32
		{89657FF0-F4E8-45DF-9F38-313854FBD61C}.Debug|x86.Build.0 = Debug|Win32
		{89657FF0-F4E8-45DF-9F38-313854FBD61C}.Release|x64.ActiveCfg = Release|x64
		{89657FF0-F4E8-45DF-9F38-313854FBD61C}.Release|x64.Build.0 = Release|x64
		{89657FF0-F4E8-45DF-9F38-313854FBD61C}.Release|x86.ActiveCfg = Release|Win32
		{89657FF0-F4E8-45DF-9F38-313854FBD61C}.Release|x86.Build.0 = Release|Win32
		{829C1109-0366-4A38-9472-2ADB89D0EFAB}.Debug|x64.ActiveCfg = Debug|x64
		{829C1109-0366-4A38-9472-2ADB89D0EFAB}.Debug|x64.Build.0 = Debug|x64
		{829C1109-0366-4A38-9472-2ADB89D0EFAB}.Debug|x86.ActiveCfg = Debug|Win32
		{829C1109-0366-4A38-9472-2ADB89D0EFAB}.Debug|x86.Build.0 = Debug|Win32
		{829C1109-0366-4A38-9472-2ADB89D0EFAB}.Release|x64.ActiveCfg = Release|x64
		{829C1109-0366-4A38-9472-2ADB89D0EFAB}.Release|x64.Build.0 = Release|x64
		{829C1109-0366-4A38-9472-2ADB89D0EFAB}.Release|x86.ActiveCfg = Release|Win32
		{829C1109-0366-4A38-9472-2ADB89D0EFAB}.Release|x86.Build.0 = Release|Win32
		{89869E66-2F63-40A6-86F2-4897D7F10CC8}.Debug|x64.ActiveCfg = Debug|x64
		{89869E66-2F63-40A6-86F2-4897D7F10CC8}.Debug|x64.Build.0 = Debug|x64
		{89869E66-2F63-40A6-86F2-4897D7F10CC8}.Debug|x86.ActiveCfg = Debug|Win32
		{89869E66-2F63-40A6-86F2-4897D7F10CC8}.Debug|x86.Build.0 = Debug|Win32
		{89869E66-2F63-40A6-86F2-4897D7F10CC8}.Release|x64.ActiveCfg = Release|x64
		{89869E66-2F63-40A6-86F2-4897D7F10CC8}.Release|x64.Build.0 = Release|x64
		{89869E66-2F63-40A6-86F2-4897D7F10CC8}.Release|x86.ActiveCfg = Release|Win32
		{89869E66-2F63-40A6-86F2-4897D7F10CC8}.Release|x86.Build.0 = Release|Win32
		{28EAA12A-9B22-4D08-AEB7-F456F4B2B708}.Debug|x64.ActiveCfg = Debug|x64
		{28EAA12A-9B22-4D08-AEB7-F456F4B2B708}.Debug|x64.Build.0 = Debug|x64
		{28EAA12A-9B22-4D08-AEB7-F456F4B2B708}.Debug|x86.ActiveCfg = Debug|Win32
		{28EAA12A-9B22-4D08-AEB7-F456F4B2B708}.Debug|x86.Build.0 = Debug|Win32
		{28EAA12A-9B22-4D08-AEB7-F456F4B2B708}.Release|x64.ActiveCfg = Release|x64
		{28EAA12A-9B22-4D08-AEB7-F456F4B2B708}.Release|x64.Build.0 = Release|x64
		{28EAA12A-9B22-4D08-AEB7-F456F4B2B708}.Release|x86.ActiveCfg = Release|Win32
		{28EAA12A-9B22-4D08-AEB7-F456F4B2B708}.Release|x86.Build.0 = Release|Win32
		{A1357B27-CC3C-4BC7-AA3B-4884F1F39EAE}.Debug|x64.ActiveCfg = Debug|x64
		{A1357B27-CC3C-4BC7-AA3B-4884F1F39EAE}.Debug|x64.Build.0 = Debug|x64
		{A1357B27-CC3C-4BC7-AA3B-4884F1F39EAE}.Debug|x86.ActiveCfg = Debug|Win32
		{A1357B27-CC3C-4BC7-AA3B-4884F1F39EAE}.Debug|x86.Build.0 = Debug|Win32
		{A1357B27-CC3C-4BC7-AA3B-4884F1F39EAE}.Release|x64.ActiveCfg = Release|x64
		{A1357B27-CC3C-4BC7-AA3B-4884F1F39EAE}.Release|x64.Build.0 = Release|x64
		{A1357B27-CC3C-4BC7-AA3B-4884F1F39EAE}.Release|x86.ActiveCfg = Release|Win32
		{A1357B27-CC3C-4BC7-AA3B-4884F1F39EAE}.Release|x86.Build.0 = Release|Win32
		{8833900C-72C5-4572-8B00-61E80CCE983D}.Debug|x64.ActiveCfg = Debug|x64
		{8833900C-72C5-4572-8B00-61E80CCE983D}.Debug|x64.Build.0 = Debug|x64
		{8833900C-72C5-4572-8B00-61E80CCE983D}.Debug|x86.ActiveCfg = Debug|Win32
		{8833900C-72C5-4572-8B00-61E80CCE983D}.Debug|x86.Build.0 = Debug|Win32
		{8833900C-72C5-4572-8B00-61E80CCE983D}.Release|x64.ActiveCfg = Release|x64
		{8833900C-72C5-4572-8B00-61E80CCE983D}.Release|x64.Build.0 = Release|x64
		{8833900C-72C5-4572-8B00-61E80CCE983D}.Release|x86.ActiveCfg = Release|Win32
		{8833900C-72C5-4572-8B00-61E80CCE983D}.Release|x86.Build.0 = Release|Win32
		{DF0F06C3-AB06-42D0-86F4-BC2310805D86}.Debug|x64.ActiveCfg = Debug|x64
		{DF0F06C3-AB06-42D0-86F4-BC2310805D86}.Debug|x64.Build.0 = Debug|x64
		{DF0F06C3-AB06-42D0-86F4-BC2310805D86}.Debug|x86.ActiveCfg = Debug|Win32
		{DF0F06C3-AB06-42D0-86F4-BC2310805D86}.Debug|x86.Build.0 = Debug|Win32
		{DF0F06C3-AB06-42D0-86F4-BC2310805D86}.Release|x64.ActiveCfg = Release|x64
		{DF0F06C3-AB06-42D0-86F4-BC2310805D86}.Release|x64.Build.0 = Release|x64
		{DF0F06C3-AB06-42D0-86F4-BC2310805D86}.Release|x86.ActiveCfg = Release|Win32
		{DF0F06C3-AB06-42D0-86F4-BC2310805D86}.Release|x86.Build.0 = Release|Win32
		{BFE1C82C-AD05-437A-87A1-437FDF0B46CC}.Debug|x64.ActiveCfg = Debug|x64
		{BFE1C82C-AD05-437A-87A1-437FDF0B46CC}.Debug|x64.Build.0 = Debug|x64
		{BFE1C82C-AD05-437A-87A1-437FDF0B46CC}.Debug|x86.ActiveCfg = Debug|Win32
		{BFE1C82C-AD05-437A-87A1-437FDF0B46CC}.Debug|x86.Build.0 = Debug|Win32
		{BFE1C82C-AD05-437A-87A1-437FDF0B46CC}.Release|x64.ActiveCfg = Release|x64
		{BFE1C82C-AD05-437A-87A1-437FDF0B46CC}.Release|x64.Build.0 = Release|x64
		{BFE1C82C-AD05-437A-87A1-437FDF0B46CC}.Release|x86.ActiveCfg = Release|Win32
		{BFE1C82C-AD05-437A-87A1-437FDF0B46CC}.Release|x86.Build.0 = Release|Win32
		{452B252B-F214-430D-BC8A-CE4E641E377A}.Debug|x64.ActiveCfg = Debug|x64
		{452B252B-F214-430D-BC8A-CE4E641E377A}.Debug|x64.Build.0 = Debug|x64
		{452B252B-F214-430D-BC8A-CE4E641E377A}.Debug|x86.ActiveCfg = Debug|Win32
		{452B252B-F214-430D-BC8A-CE4E641E377A}.Debug|x86.Build.0 = Debug|Win32
		{452B252B-F214-430D-BC8A-CE4E641E377A}.Release|x64.ActiveCfg = Release|x64
		{452B252B-F214-430D-BC8A-CE4E641E377A}.Release|x64.Build.0 = Release|x64
		{452B252B-F214-430D-BC8A-CE4E641E377A}.Release|x86.ActiveCfg = Release|Win32
		{452B252B-F214-430D-BC8A-CE4E641E377A}.Release|x86.Build.0 = Release|Win32
		{BC55D057-702B-41D1-AC84-5A31A4066D14}.Debug|x64.ActiveCfg = Debug|x64
		{BC55D057-702B-41D1-AC84-5A31A4066D14}.Debug|x64.Build.0 = Debug|x64
		{BC55D057-702B-41D1-AC84-5A31A4066D14}.Debug|x86.ActiveCfg = Debug|Win32
		{BC55D057-702B-41D1-AC84-5A31A4066D14}.Debug|x86.Build.0 = Debug|Win32
		{BC55D057-702B-41D1-AC84-5A31A4066D14}.Release|x64.ActiveCfg = Release|x64
		{BC55D057-702B-41D1-AC84-5A31A4066D14}.Release|x64.Build.0 = Release|x64
		{BC55D057-702B-41D1-AC84-5A31A4066D14}.Release|x86.ActiveCfg = Release|Win32
		{BC55D057-702B-41D1-AC84-5A31A4066D14}.Release|x86.Build.0 = Release|Win32
		{32B0CA13-4B90-4348-8E58-073119BBCD99}.Debug|x64.ActiveCfg = Debug|x64
		{32B0CA13-4B90-4348-8E58-073119BBCD99}.Debug|x64.Build.0 = Debug|x64
		{32B0CA13-4B90-4348-8E58-073119BBCD99}.Debug|x86.ActiveCfg = Debug|Win32
		{32B0CA13-4B90-4348-8E58-073119BBCD99}.Debug|x86.Build.0 = Debug|Win32
		{32B0CA13-4B90-4348-8E58-073119BBCD99}.Release|x64.ActiveCfg = Release|x64
		{32B0CA13-4B90-4348-8E58-073119BBCD99}.Release|x64.Build.0 = Release|x64
		{32B0CA13-4B90-4348-8E58-073119BBCD99}.Release|x86.ActiveCfg = Release|Win32
		{32B0CA13-4B90-4348-8E58-073119BBCD99}.Release|x86.Build.0 = Release|Win32
		{3EB3E4E8-6931-4BF1-BBC4-F470B0F16144}.Debug|x64.ActiveCfg = Debug|x64
		{3EB3E4E8-6931-4BF1-BBC4-F470B0F16144}.Debug|x64.Build.0 = Debug|x64
		{3EB3E4E8-6931-4BF1-BBC4-F470B0F16144}.Debug|x86.ActiveCfg = Debug|Win32
		{3EB3E4E8-6931-4BF1-BBC4-F470B0F16144}.Debug|x86.Build.0 = Debug|Win32
		{3EB3E4E8-6931-4BF1-BBC4-F470B0F16144}.Release|x64.ActiveCfg = Release|x64
		{3EB3E4E8-6931-4BF1-BBC4-F470B0F16144}.Release|x64.Build.0 = Release|x64
		{3EB3E4E8-6931-4BF1-BBC4-F470B0F16144}.Release|x86.ActiveCfg = Release|Win32
		{3EB3E4E8-6931-4BF1-BBC4-F470B0F16144}.Release|x86.Build.0 = Release|Win32
		{B87DA0FC-15ED-4906-BF9F-8749864DBBEE}.Debug|x64.ActiveCfg = Debug|x64
		{B87DA0FC-15ED-4906-BF9F-8749864DBBEE}.Debug|x64.Build.0 = Debug|x64
		{B87DA0FC-15ED-4906-BF9F-8749864DBBEE}.Debug|x86.ActiveCfg = Debug|Win32
		{B87DA0FC-15ED-4906-BF9F-8749864DBBEE}.Debug|x86.Build.0 = Debug|Win32
		{B87DA0FC-15ED-4906-BF9F-8749864DBBEE}.Release|x64.ActiveCfg = Release|x64
		{B87DA0FC-15ED-4906-BF9F-8749864DBBEE}.Release|x64.Build.0 = Release|x64
		{B87DA0FC-15ED-4906-BF9F-8749864DBBEE}.Release|x86.ActiveCfg = Release|Win32
		{B87DA0FC-15ED-4906-BF9F-8749864DBBEE}.Release|x86.Build.0 = Release|Win32
		{45397A03-6452-41A6-99B3-C1FF4769C075}.Debug|x64.ActiveCfg = Debug|x64
		{45397A03-6452-41A6-99B3-C1FF4769C075}.Debug|x64.Build.0 = Debug|x64
		{45397A03-6452-41A6-99B3-C1FF4769C075}.Debug|x86.ActiveCfg = Debug|Win32
		{45397A03-6452-41A6-99B3-C1FF4769C075}.Debug|x86.Build.0 = Debug|Win32
		{45397A03-6452-41A6-99B3-C1FF4769C075}.Release|x64.ActiveCfg = Release|x64
		{45397A03-6452-41A6-99B3-C1FF4769C075}.Release|x64.Build.0 = Release|x64
		{45397A03-6452-41A6-99B3-C1FF4769C075}.Release|x86.ActiveCfg = Release|Win32
		{45397A03-6452-41A6-99B3-C1FF4769C075}.Release|x86.Build.0 = Release|Win32
		{68CCE2F1-02BD-4608-811C-B48050E87692}.Debug|x64.ActiveCfg = Debug|x64
		{68CCE2F1-02BD-4608-811C-B48050E87692}.Debug|x64.Build.0 = Debug|x64
		{68CCE2F1-02BD-4608-811C-B48050E87692}.Debug|x86.ActiveCfg = Debug|Win32
		{68CCE2F1-02BD-4608-811C-B48050E87692}.Debug|x86.Build.0 = Debug|Win32
		{68CCE2F1-02BD-4608-811C-B48050E87692}.Release|x64.ActiveCfg = Release|x64
		{68CCE2F1-02BD-4608-811C-B48050E87692}.Release|x64.Build.0 = Release|x64
		{68CCE2F1-02BD-4608-811C-B48050E87692}.Release|x86.ActiveCfg = Release|Win32
		{68CCE2F1-02BD-4608-811C-B48050E87692}.Release|x86.Build.0 = Release|Win32
		{241E3828-5012-4C25-A721-9A1BD5083EDC}.Debug|x64.ActiveCfg = Debug|x64
		{241E3828-5012-4C25-A721-9A1BD5083EDC}.Debug|x64.Build.0 = Debug|x64
		{241E3828-5012-4C25-A721-9A1BD5083EDC}.Debug|x86.ActiveCfg = Debug|Win32
		{241E3828-5012-4C25-A721-9A1BD5083EDC}.Debug|x86.Build.0 = Debug|Win32
		{241E3828-5012-4C25-A721-9A1BD5083EDC}.Release|x64.ActiveCfg = Release|x64
		{241E3828-5012-4C25-A721-9A1BD5083EDC}.Release|x64.Build.0 = Release|x64
		{241E3828-5012-4C25-A721-9A1BD5083EDC}.Release|x86.ActiveCfg = Release|Win32
		{241E3828-5012-4C25-A721-9A1BD5083EDC}.Release|x86.Build.0 = Release|Win32
		{50407269-FD27-4497-A63C-9DDD2223E686}.Debug|x64.ActiveCfg = Debug|x64
		{50407269-FD27-4497-A63C-9DDD2223E686}.Debug|x64.Build.0 = Debug|x64
		{50407269-FD27-4497-A63C-9DDD2223E686}.Debug|x86.ActiveCfg = Debug|Win32
		{50407269-FD27-4497-A63C-9DDD2223E686}.Debug|x86.Build.0 = Debug|Win32
		{50407269-FD27-4497-A63C-9DDD2223E686}.Release|x64.ActiveCfg = Release|x64
		{50407269-FD27-4497-A63C-9DDD2223E686}.Release|x64.Build.0 = Release|x64
		{50407269-FD27-4497-A63C-9DDD2223E686}.Release|x86.ActiveCfg = Release|Win32
		{50407269-FD27-4497-A63C-9DDD2223E686}.Release|x86.Build.0 = Release|Win32
		{D48C4CF6-F29F-4BAE-B552-3C4E78F54C0F}.Debug|x64.ActiveCfg = Debug|x64
		{D48C4CF6-F29F-4BAE-B552-3C4E78F54C0F}.Debug|x64.Build.0 = Debug|x64
		{D48C4CF6-F29F-4BAE-B552-3C4E78F54C0F}.Debug|x86.ActiveCfg = Debug|Win32
		{D48C4CF6-F29F-4BAE-B552-3C4E78F54C0F}.Debug|x86.Build.0 = Debug|Win32
		{D48C4CF6-F29F-4BAE-B552-3C4E78F54C0F}.Release|x64.ActiveCfg = Release|x64
		{D48C4CF6-F29F-4BAE-B552-3C4E78F54C0F}.Release|x64.Build.0 = Release|x64
		{D48C4CF6-F29F-4BAE-B552-3C4E78F54C0F}.Release|x86.ActiveCfg = Release|Win32
		{D48C4CF6-F29F-4BAE-B552-3C4E78F54C0F}.Release|x86.Build.0 = Release|Win32
		{F6B379F3-3800-4624-A3FA-69555D0EF2DF}.Debug|x64.ActiveCfg = Debug|x64
		{F6B379F3-3800-4624-A3FA-69555D0EF2DF}.Debug|x64.Build.0 = Debug|x64
		{F6B379F3-3800-4624-A3FA-69555D0EF2DF}.Debug|x86.ActiveCfg = Debug|Win32
		{F6B379F3-3800-4624-A3FA-69555D0EF2DF}.Debug|x86.Build.0 = Debug|Win32
		{F6B379F3-3800-4624-A3FA-69555D0EF2DF}.Release|x64.ActiveCfg = Release|x64
		{F6B379F3-3800-4624-A3FA-69555D0EF2DF}.Release|x64.Build.0 = Release|x64
		{F6B379F3-3800-4624-A3FA-69555D0EF2DF}.Release|x86.ActiveCfg = Release|Win32
		{F6B379F3-3800-4624-A3FA-69555D0EF2DF}.Release|x86.Build.0 = Release|Win32
		{8C3B56FF-8D13-4852-A4FF-C78687BC2769}.Debug|x64.ActiveCfg = Debug|x64
		{8C3B56FF-8D13-4852-A4FF-C78687BC2769}.Debug|x64.Build.0 = Debug|x64
		{8C3B56FF-8D13-4852-A4FF-C78687BC2769}.Debug|x86.ActiveCfg = Debug|Win32
		{8C3B56FF-8D13-4852-A4FF-C78687BC2769}.Debug|x86.Build.0 = Debug|Win32
		{8C3B56FF-8D13-4852-A4FF-C78687BC2769}.Release|x64.ActiveCfg = Release|x64
		{8C3B56FF-8D13-4852-A4FF-C78687BC2769}.Release|x64.Build.0 = Release|x64
		{8C3B56FF-8D13-4852-A4FF-C78687BC2769}.Release|x86.ActiveCfg = Release|Win32
		{8C3B56FF-8D13-4852-A4FF-C78687BC2769}.Release|x86.Build.0 = Release|Win32
		{95D603FB-D47A-44C7-BE3C-278F7648E741}.Debug|x64.ActiveCfg = Debug|x64
		{95D603FB-D47A-44C7-BE3C-278F7648E741}.Debug|x64.Build.0 = Debug|x64
		{95D603FB-D47A-44C7-BE3C-278F7648E741}.Debug|x86.ActiveCfg = Debug|Win32
		{95D603FB-D47A-44C7-BE3C-278F7648E741}.Debug|x86.Build.0 = Debug|Win32
		{95D603FB-D47A-44C7-BE3C-278F7648E741}.Release|x64.ActiveCfg = Release|x64
		{95D603FB-D47A-44C7-BE3C-278F7648E741}.Release|x64.Build.0 = Release|x64
		{95D603FB-D47A-44C7-BE3C-278F7648E741}.Release|x86.ActiveCfg = Release|Win32
		{95D603FB-D47A-44C7-BE3C-278F7648E741}.Release|x86.Build.0 = Release|Win32
		{D81EEBCF-7BB0-4DB5-A11A-C9B112872994}.Debug|x64.ActiveCfg = Debug|x64
		{D81EEBCF-7BB0-4DB5-A11A-C9B112872994}.Debug|x64.Build.0 = Debug|x64
		{D81EEBCF-7BB0-4DB5-A11A-C9B112872994}.Debug|x86.ActiveCfg = Debug|Win32
		{D81EEBCF-7BB0-4DB5-A11A-C9B112872994}.Debug|x86.Build.0 = Debug|Win32
		{D81EEBCF-7BB0-4DB5-A11A-C9B112872994}.Release|x64.ActiveCfg = Release|x64
		{D81EEBCF-7BB0-4DB5-A11A-C9B112872994}.Release|x64.Build.0 = Release|x64
		{D81EEBCF-7BB0-4DB5-A11A-C9B112872994}.Release|x86.ActiveCfg = Release|Win32
		{D81EEBCF-7BB0-4DB5-A11A-C9B112872994}.Release|x86.Build.0 = Release|Win32
		{AD68A0F5-D0A7-45A5-8E01-CCC77BD04DD3}.Debug|x64.ActiveCfg = Debug|x64
		{AD68A0F5-D0A7-45A5-8E01-CCC77BD04DD3}.Debug|x64.Build.0 = Debug|x64
		{AD68A0F5-D0A7-45A5-8E01-CCC77BD04DD3}.Debug|x86.ActiveCfg = Debug|Win32
		{AD68A0F5-D0A7-45A5-8E01-CCC77BD04DD3}.Debug|x86.Build.0 = Debug|Win32
		{AD68A0F5-D0A7-45A5-8E01-CCC77BD04DD3}.Release|x64.ActiveCfg = Release|x64
		{AD68A0F5-D0A7-45A5-8E01-CCC77BD04DD3}.Release|x64.Build.0 = Release|x64
		{AD68A0F5-D0A7-45A5-8E01-CCC77BD04DD3}.Release|x86.ActiveCfg = Release|Win32
		{AD68A0F5-D0A7-45A5-8E01-CCC77BD04DD3}.Release|x86.Build.0 = Release|Win32
		{F5C17463-5E4D-4340-85BC-DBB611BB0807}.Debug|x64.ActiveCfg = Debug|x64
		{F5C17463-5E4D-4340-85BC-DBB611BB0807}.Debug|x64.Build.0 = Debug|x64
		{F5C17463-5E4D-4340-85BC-DBB611BB0807}.Debug|x86.ActiveCfg = Debug|Win32
		{F5C17463-5E4D-4340-85BC-DBB611BB0807}.Debug|x86.Build.0 = Debug|Win32
		{F5C17463-5E4D-4340-85BC-DBB611BB0807}.Release|x64.ActiveCfg = Release|x64
		{F5C17463-5E4D-4340-85BC-DBB611BB0807}.Release|x64.Build.0 = Release|x64
		{F5C17463-5E4D-4340-85BC-DBB611BB0807}.Release|x86.ActiveCfg = Release|Win32
		{F5C17463-5E4D-4340-85BC-DBB611BB0807}.Release|x86.Build.0 = Release|Win32
		{C792A476-7B86-44F7-8702-B70427E33DDE}.Debug|x64.ActiveCfg = Debug|x64
		{C792A476-7B86-44F7-8702-B70427E33DDE}.Debug|x64.Build.0 = Debug|x64
		{C792A476-7B86-44F7-8702-B70427E33DDE}.Debug|x86.ActiveCfg = Debug|Win32
		{C792A476-7B86-44F7-8702-B70427E33DDE}.Debug|x86.Build.0 = Debug|Win32
		{C792A476-7B86-44F7-8702-B70427E33DDE}.Release|x64.ActiveCfg = Release|x64
		{C792A476-7B86-44F7-8702-B70427E33DDE}.Release|x64.Build.0 = Release|x64
		{C792A476-7B86-44F7-8702-B70427E33DDE}.Release|x86.ActiveCfg = Release|Win32
		{C792A476-7B86-44F7-8702-B70427E33DDE}.Release|x86.Build.0 = Release|Win32
		{F405F888-24CA-4041-B237-CCD0BA24DF6E}.Debug|x64.ActiveCfg = Debug|x64
		{F405F888-24CA-4041-B237-CCD0BA24DF6E}.Debug|x64.Build.0 = Debug|x64
		{F405F888-24CA-4041-B237-CCD0BA24DF6E}.Debug|x86.ActiveCfg = Debug|Win32
		{F405F888-24CA-4041-B237-CCD0BA24DF6E}.Debug|x86.Build.0 = Debug|Win32
		{F405F888-24CA-4041-B237-CCD0BA24DF6E}.Release|x64.ActiveCfg = Release|x64
		{F405F888-24CA-4041-B237-CCD0BA24DF6E}.Release|x64.Build.0 = Release|x64
		{F405F888-24CA-4041-B237-CCD0BA24DF6E}.Release|x86.ActiveCfg = Release|Win32
		{F405F888-24CA-4041-B237-CCD0BA24DF6E}.Release|x86.Build.0 = Release|Win32
		{E8ACC9F2-1871-4A96-866C-B75C821ED83E}.Debug|x64.ActiveCfg = Debug|x64
		{E8ACC9F2-1871-4A96-866C-B75C821ED83E}.Debug|x64.Build.0 = Debug|x64
		{E8ACC9F2-1871-4A96-866C-B75C821ED83E}.Debug|x86.ActiveCfg = Debug|Win32
		{E8ACC9F2-1871-4A96-866C-B75C821ED83E}.Debug|x86.Build.0 = Debug|Win32
		{E8ACC9F2-1871-4A96-866C-B75C821ED83E}.Release|x64.ActiveCfg = Release|x64
		{E8ACC9F2-1871-4A96-866C-B75C821ED83E}.Release|x64.Build.0 = Release|x64
		{E8ACC9F2-1871-4A96-866C-B75C821ED83E}.Release|x86.ActiveCfg = Release|Win32
		{E8ACC9F2-1871-4A96-866C-B75C821ED83E}.Release|x86.Build.0 = Release|Win32
		{A2C5B114-9028-410B-9DBA-718C640BC9F4}.Debug|x64.ActiveCfg = Debug|x64
		{A2C5B114-9028-410B-9DBA-718C640BC9F4}.Debug|x64.Build.0 = Debug|x64
		{A2C5B114-9028-410B-9DBA-718C640BC9F4}.Debug|x86.ActiveCfg = Debug|Win32
		{A2C5B114-9028-410B-9DBA-718C640BC9F4}.Debug|x86.Build.0 = Debug|Win32
		{A2C5B114-9028-410B-9DBA-718C640BC9F4}.Release|x64.ActiveCfg = Release|x64
		{A2C5B114-9028-410B-9DBA-718C640BC9F4}.Release|x64.Build.0 = Release|x64
		{A2C5B114-9028-410B-9DBA-718C640BC9F4}.Release|x86.ActiveCfg = Release|Win32
		{A2C5B114-9028-410B-9DBA-718C640BC9F4}.Release|x86.Build.0 = Release|Win32
		{21A51E7E-AB90-434B-91E9-E9CE4572137B}.Debug|x64.ActiveCfg = Debug|x64
		{21A51E7E-AB90-434B-91E9-E9CE4572137B}.Debug|x64.Build.0 = Debug|x64
		{21A51E7E-AB90-434B-91E9-E9CE4572137B}.Debug|x86.ActiveCfg = Debug|Win32
		{21A51E7E-AB90-434B-91E9-E9CE4572137B}.Debug|x86.Build.0 = Debug|Win32
		{21A51E7E-AB90-434B-91E9-E9CE4572137B}.Release|x64.ActiveCfg = Release|x64
		{21A51E7E-AB90-434B-91E9-E9CE4572137B}.Release|x64.Build.0 = Release|x64
		{21A51E7E-AB90-434B-91E9-E9CE4572137B}.Release|x86.ActiveCfg = Release|Win32
		{21A51E7E-AB90-434B-91E9-E9CE4572137B}.Release|x86.Build.0 = Release|Win32
		{1D29CD49-AC23-401B-921A-19FA2833D3E5}.Debug|x64.ActiveCfg = Debug|x64
		{1D29CD49-AC23-401B-921A-19FA2833D3E5}.Debug|x64.Build.0 = Debug|x64
		{1D29CD49-AC23-401B-921A-19FA2833D3E5}.Debug|x86.ActiveCfg = Debug|Win32
		{1D29CD49-AC23-401B-921A-19FA2833D3E5}.Debug|x86.Build.0 = Debug|Win32
		{1D29CD49-AC23-401B-921A-19FA2833D3E5}.Release|x64.ActiveCfg = Release|x64
		{1D29CD49-AC23-401B-921A-19FA2833D3E5}.Release|x64.Build.0 = Release|x64
		{1D29CD49-AC23-401B-921A-19FA2833D3E5}.Release|x86.ActiveCfg = Release|Win32
		{1D29CD49-AC23-401B-921A-19FA2833D3E5}.Release|x86.Build.0 = Release|Win32
		{FE560999-140E-405C-AF9E-F6E488762A16}.Debug|x64.ActiveCfg = Debug|x64
		{FE560999-140E-405C-AF9E-F6E488762A16}.Debug|x64.Build.0 = Debug|x64
		{FE560999-140E-405C-AF9E-F6E488762A16}.Debug|x86.ActiveCfg = Debug|Win32
		{FE560999-140E-405C-AF9E-F6E488762A16}.Debug|x86.Build.0 = Debug|Win32
		{FE560999-140E-405C-AF9E-F6E488762A16}.Release|x64.ActiveCfg = Release|x64
		{FE560999-140E-405C-AF9E-F6E488762A16}.Release|x64.Build.0 = Release|x64
		{FE560999-140E-405C-AF9E-F6E488762A16}.Release|x86.ActiveCfg = Release|Win32
		{FE560999-140E-405C-AF9E-F6E488762A16}.Release|x86.Build.0 = Release|Win32
		{41E16A19-2F81-4986-B880-FE034D1C408B}.Debug|x64.ActiveCfg = Debug|x64
		{41E16A19-2F81-4986-B880-FE034D1C408B}.Debug|x64.Build.0 = Debug|x64
		{41E16A19-2F81-4986-B880-FE034D1C408B}.Debug|x86.ActiveCfg = Debug|Win32
		{41E16A19-2F81-4986-B880-FE034D1C408B}.Debug|x86.Build.0 = Debug|Win32
		{41E16A19-2F81-4986-B880-FE034D1C408B}.Release|x64.ActiveCfg = Release|x64
		{41E16A19-2F81-4986-B880-FE034D1C408B}.Release|x64.Build.0 = Release|x64
		{41E16A19-2F81-4986-B880-FE034D1C408B}.Release|x86.ActiveCfg = Release|Win32
		{41E16A19-2F81-4986-B880-FE034D1C408B}.Release|x86.Build.0 = Release|Win32
		{2A5C9A82-7C45-4200-81D0-230849675D4D}.Debug|x64.ActiveCfg = Debug|x64
		{2A5C9A82-7C45-4200-81D0-230849675D4D}.Debug|x64.Build.0 = Debug|x64
		{2A5C9A82-7C45-4200-81D0-230849675D4D}.Debug|x86.ActiveCfg = Debug|Win32
		{2A5C9A82-7C45-4200-81D0-230849675D4D}.Debug|x86.Build.0 = Debug|Win32
		{2A5C9A82-7C45-4200-81D0-230849675D4D}.Release|x64.ActiveCfg = Release|x64
		{2A5C9A82-7C45-4200-81D0-230849675D4D}.Release|x64.Build.0 = Release|x64
		{2A5C9A82-7C45-4200-81D0-230849675D4D}.Release|x86.ActiveCfg = Release|Win32
		{2A5C9A82-7C45-4200-81D0-230849675D4D}.Release|x86.Build.0 = Release|Win32
		{311E9CFD-F8C0-44AA-A0E9-D0486BAB7F7C}.Debug|x64.ActiveCfg = Debug|x64
		{311E9CFD-F8C0-44AA-A0E9-D0486BAB7F7C}.Debug|x64.Build.0 = Debug|x64
		{311E9CFD-F8C0-44AA-A0E9-D0486BAB7F7C}.Debug|x86.ActiveCfg = Debug|Win32
		{311E9CFD-F8C0-44AA-A0E9-D0486BAB7F7C}.Debug|x86.Build.0 = Debug|Win32
		{311E9CFD-F8C0-44AA-A0E9-D0486BAB7F7C}.Release|x64.ActiveCfg = Release|x64
		{311E9CFD-F8C0-44AA-A0E9-D0486BAB7F7C}.Release|x64.Build.0 = Release|x64
		{311E9CFD-F8C0-44AA-A0E9-D0486BAB7F7C}.Release|x86.ActiveCfg = Release|Win32
		{311E9CFD-F8C0-44AA-A0E9-D0486BAB7F7C}.Release|x86.Build.0 = Release|Win32
		{4941FF80-4EE2-497E-B8F6-B94A13668F03}.Debug|x64.ActiveCfg = Debug|x64
		{4941FF80-4EE2-497E-B8F6-B94A13668F03}.Debug|x64.Build.0 = Debug|x64
		{4941FF80-4EE2-497E-B8F6-B94A13668F03}.Debug|x86.ActiveCfg = Debug|Win32
		{4941FF80-4EE2-497E-B8F6-B94A13668F03}.Debug|x86.Build.0 = Debug|Win32
		{4941FF80-4EE2-497E-B8F6-B94A13668F03}.Release|x64.ActiveCfg = Release|x64
		{4941FF80-4EE2-497E-B8F6-B94A13668F03}.Release|x64.Build.0 = Release|x64
		{4941FF80-4EE2-497E-B8F6-B94A13668F03}.Release|x86.ActiveCfg = Release|Win32
		{4941FF80-4EE2-497E-B8F6-B94A13668F03}.Release|x86.Build.0 = Release|Win32
		{6BAA3BC2-AA45-4D13-ABE4-D1B2C33A87B1}.Debug|x64.ActiveCfg = Debug|x64
		{6BAA3BC2-AA45-4D13-ABE4-D1B2C33A87B1}.Debug|x64.Build.0 = Debug|x64
		{6BAA3BC2-AA45-4D13-ABE4-D1B2C33A87B1}.Debug|x86.ActiveCfg = Debug|Win32
		{6BAA3BC2-AA45-4D13-ABE4-D1B2C33A87B1}.Debug|x86.Build.0 = Debug|Win32
		{6BAA3BC2-AA45-4D13-ABE4-D1B2C33A87B1}.Release|x64.ActiveCfg = Release|x64
		{6BAA3BC2-AA45-4D13-ABE4-D1B2C33A87B1}.Release|x64.Build.0 = Release|x64
		{6BAA3BC2-AA45-4D13-ABE4-D1B2C33A87B1}.Release|x86.ActiveCfg = Release|Win32
		{6BAA3BC2-AA45-4D13-ABE4-D1B2C33A87B1}.Release|x86.Build.0 = Release|Win32
		{A0AAB4D2-D163-4AD6-8CB5-EDD423AA0B71}.Debug|x64.ActiveCfg = Debug|x64
		{A0AAB4D2-D163-4AD6-8CB5-EDD423AA0B71}.Debug|x64.Build.0 = Debug|x64
		{A0AAB4D2-D163-4AD6-8CB5-EDD423AA0B71}.Debug|x86.ActiveCfg = Debug|Win32
		{A0AAB4D2-D163-4AD6-8CB5-EDD423AA0B71}.Debug|x86.Build.0 = Debug|Win32
		{A0AAB4D2-D163-4AD6-8CB5-EDD423AA0B71}.Release|x64.ActiveCfg = Release|x64
		{A0AAB4D2-D163-4AD6-8CB5-EDD423AA0B71}.Release|x64.Build.0 = Release|x64
		{A0AAB4D2-D163-4AD6-8CB5-EDD423AA0B71}.Release|x86.ActiveCfg = Release|Win32
		{A0AAB4D2-D163-4AD6-8CB5-EDD423AA0B71}.Release|x86.Build.0 = Release|Win32
		{0E35A144-D662-4CE6-976B-4224F91D145D}.Debug|x64.ActiveCfg = Debug|x64
		{0E35A144-D662-4CE6-976B-4224F91D145D}.Debug|x64.Build.0 = Debug|x64
		{0E35A144-D662-4CE6-976B-4224F91D145D}.Debug|x86.ActiveCfg = Debug|Win32
		{0E35A144-D662-4CE6-976B-4224F91D145D}.Debug|x86.Build.0 = Debug|Win32
		{0E35A144-D662-4CE6-976B-4224F91D145D}.Release|x64.ActiveCfg = Release|x64
		{0E35A144-D662-4CE6-976B-4224F91D145D}.Release|x64.Build.0 = Release|x64
		{0E35A144-D662-4CE6-976B-4224F91D145D}.Release|x86.ActiveCfg = Release|Win32
		{0E35A144-D662-4CE6-976B-4224F91D145D}.Release|x86.Build.0 = Release|Win32
		{218B33B8-ED1E-4AF0-923F-3822E77538F9}.Debug|x64.ActiveCfg = Debug|x64
		{218B33B8-ED1E-4AF0-923F-3822E77538F9}.Debug|x64.Build.0 = Debug|x64
		{218B33B8-ED1E-4AF0-923F-3822E77538F9}.Debug|x86.ActiveCfg = Debug|Win32
		{218B33B8-ED1E-4AF0-923F-3822E77538F9}.Debug|x86.Build.0 = Debug|Win32
		{218B33B8-ED1E-4AF0-923F-3822E77538F9}.Release|x64.ActiveCfg = Release|x64
		{218B33B8-ED1E-4AF0-923F-3822E77538F9}.Release|x64.Build.0 = Release|x64
		{218B33B8-ED1E-4AF0-923F-3822E77538F9}.Release|x86.ActiveCfg = Release|Win32
		{218B33B8-ED1E-4AF0-923F-3822E77538F9}.Release|x86.Build.0 = Release|Win32
		{016A3703-E781-4F83-AC81-984D53E801D8}.Debug|x64.ActiveCfg = Debug|x64
		{016A3703-E781-4F83-AC81-984D53E801D8}.Debug|x64.Build.0 = Debug|x64
		{016A3703-E781-4F83-AC81-984D53E801D8}.Debug|x86.ActiveCfg = Debug|Win32
		{016A3703-E781-4F83-AC81-984D53E801D8}.Debug|x86.Build.0 = Debug|Win32
		{016A3703-E781-4F83-AC81-984D53E801D8}.Release|x64.ActiveCfg = Release|x64
		{016A3703-E781-4F83-AC81-984D53E801D8}.Release|x64.Build.0 = Release|x64
		{016A3703-E781-4F83-AC81-984D53E801D8}.Release|x86.ActiveCfg = Release|Win32
		{016A3703-E781-4F83-AC81-984D53E801D8}.Release|x86.Build.0 = Release|Win32
		{46BC1A6A-485C-4ADE-A877-41EE41DA5C08}.Debug|x64.ActiveCfg = Debug|x64
		{46BC1A6A-485C-4ADE-A877-41EE41DA5C08}.Debug|x64.Build.0 = Debug|x64
		{46BC1A6A-485C-4ADE-A877-41EE41DA5C08}.Debug|x86.ActiveCfg = Debug|Win32
		{46BC1A6A-485C-4ADE-A877-41EE41DA5C08}.Debug|x86.Build.0 = Debug|Win32
		{46BC1A6A-485C-4ADE-A877-41EE41DA5C08}.Release|x64.ActiveCfg = Release|x64
		{46BC1A6A-485C-4ADE-A877-41EE41DA5C08}.Release|x64.Build.0 = Release|x64
		{46BC1A6A-485C-4ADE-A877-41EE41DA5C08}.Release|x86.ActiveCfg = Release|Win32
		{46BC1A6A-485C-4ADE-A877-41EE41DA5C08}.Release|x86.Build.0 = Release|Win32
		{0E366BB6-505C-47C6-841C-0EB461DF9A6F}.Debug|x64.ActiveCfg = Debug|x64
		{0E366BB6-505C-47C6-841C-0EB461DF9A6F}.Debug|x64.Build.0 = Debug|x64
		{0E366BB6-505C-47C6-841C-0EB461DF9A6F}.Debug|x86.ActiveCfg = Debug|Win32
		{0E366BB6-505C-47C6-841C-0EB461DF9A6F}.Debug|x86.Build.0 = Debug|Win32
		{0E366BB6-505C-47C6-841C-0EB461DF9A6F}.Release|x64.ActiveCfg = Release|x64
		{0E366BB6-505C-47C6-841C-0EB461DF9A6F}.Release|x64.Build.0 = Release|x64
		{0E366BB6-505C-47C6-841C-0EB461DF9A6F}.Release|x86.ActiveCfg = Release|Win32
		{0E366BB6-505C-47C6-841C-0EB461DF9A6F}.Release|x86.Build.0 = Release|Win32
		{F6125DFA-6628-4999-9ED6-8043C4842CA1}.Debug|x64.ActiveCfg = Debug|x64
		{F6125DFA-6628-4999-9ED6-8043C4842CA1}.Debug|x64.Build.0 = Debug|x64
		{F6125DFA-6628-4999-9ED6-8043C4842CA1}.Debug|x86.ActiveCfg = Debug|Win32
		{F6125DFA-6628-4999-9ED6-8043C4842CA1}.Debug|x86.Build.0 = Debug|Win32
		{F6125DFA-6628-4999-9ED6-8043C4842CA1}.Release|x64.ActiveCfg = Release|x64
		{F6125DFA-6628-4999-9ED6-8043C4842CA1}.Release|x64.Build.0 = Release|x64
		{F6125DFA-6628-4999-9ED6-8043C4842CA1}.Release|x86.ActiveCfg = Release|Win32
		{F6125DFA-6628-4999-9ED6-8043C4842CA1}.Release|x86.Build.0 = Release|Win32
		{A7982A1F-BC6E-4309-AEB3-D2EA21D85E1E}.Debug|x64.ActiveCfg = Debug|x64
		{A7982A1F-BC6E-4309-AEB3-D2EA21D85E1E}.Debug|x64.Build.0 = Debug|x64
		{A7982A1F-BC6E-4309-AEB3-D2EA21D85E1E}.Debug|x86.ActiveCfg = Debug|Win32
		{A7982A1F-BC6E-4309-AEB3-D2EA21D85E1E}.Debug|x86.Build.0 = Debug|Win32
		{A7982A1F-BC6E-4309-AEB3-D2EA21D85E1E}.Release|x64.ActiveCfg = Release|x64
		{A7982A1F-BC6E-4309-AEB3-D2EA21D85E1E}.Release|x64.Build.0 = Release|x64
		{A7982A1F-BC6E-4309-AEB3-D2EA21D85E1E}.Release|x86.ActiveCfg = Release|Win32
		{A7982A1F-BC6E-4309-AEB3-D2EA21D85E1E}.Release|x86.Build.0 = Release|Win32
	EndGlobalSection
	GlobalSection(SolutionProperties) = preSolution
		HideSolutionNode = FALSE
	EndGlobalSection
	GlobalSection(ExtensibilityGlobals) = postSolution
		SolutionGuid = {4DB32A2B-8F72-46AE-99A8-D72565BDF0D3}
	EndGlobalSection
EndGlobal
