
Microsoft Visual Studio Solution File, Format Version 12.00
# Visual Studio Version 16
VisualStudioVersion = 16.0.30717.126
MinimumVisualStudioVersion = 10.0.40219.1
Project("{8BC9CEB8-8B4A-11D0-8D11-00A0C91BC942}") = "c++", "c++.vcxproj", "{BDDD348D-1944-4365-A63A-59BD8E121ABD}"
EndProject
Project("{8BC9CEB8-8B4A-11D0-8D11-00A0C91BC942}") = "1001", "..\1001\1001.vcxproj", "{CCCF56F5-515F-4A89-BA69-2EBEF56EEA73}"
EndProject
Project("{8BC9CEB8-8B4A-11D0-8D11-00A0C91BC942}") = "1065", "..\1065\1065.vcxproj", "{73F4CEE6-3186-4A85-9373-F27C129A8591}"
EndProject
Project("{8BC9CEB8-8B4A-11D0-8D11-00A0C91BC942}") = "1110", "..\1110\1110.vcxproj", "{A31E1110-EEE3-40BF-BB2D-93B3558136B4}"
EndProject
Project("{8BC9CEB8-8B4A-11D0-8D11-00A0C91BC942}") = "1152", "..\1152\1152.vcxproj", "{67A248FD-F6B6-4910-B7C7-2FFCF756EF49}"
EndProject
Project("{8BC9CEB8-8B4A-11D0-8D11-00A0C91BC942}") = "1181", "..\1181\1181.vcxproj", "{24A1700C-482E-41B2-B0CB-0EB4CBB498E9}"
EndProject
Project("{8BC9CEB8-8B4A-11D0-8D11-00A0C91BC942}") = "1330", "..\1330\1330.vcxproj", "{59D1F859-B91F-432F-9608-851681C2D90C}"
EndProject
Project("{8BC9CEB8-8B4A-11D0-8D11-00A0C91BC942}") = "1978", "..\1978\1978.vcxproj", "{5596503B-D91A-46EA-9FF8-C449625BA7C4}"
EndProject
Project("{8BC9CEB8-8B4A-11D0-8D11-00A0C91BC942}") = "2438", "..\2438\2438.vcxproj", "{20D3E640-2932-44FD-B8AA-0E51E7363270}"
EndProject
Project("{8BC9CEB8-8B4A-11D0-8D11-00A0C91BC942}") = "2439", "..\2439\2439.vcxproj", "{F15E159D-30A5-44CF-9B61-066FA2C3BB73}"
EndProject
Project("{8BC9CEB8-8B4A-11D0-8D11-00A0C91BC942}") = "2446", "..\2446\2446.vcxproj", "{174DA2DB-7C69-4F95-9EA8-E81D5C45D42D}"
EndProject
Project("{8BC9CEB8-8B4A-11D0-8D11-00A0C91BC942}") = "2523", "..\2523\2523.vcxproj", "{D5917558-0887-4745-947C-2F5CBE20DC04}"
EndProject
Project("{8BC9CEB8-8B4A-11D0-8D11-00A0C91BC942}") = "2588", "..\2588\2588.vcxproj", "{84315ECF-F9D6-4D5B-A9C5-AB8730AF54D7}"
EndProject
Project("{8BC9CEB8-8B4A-11D0-8D11-00A0C91BC942}") = "2748", "..\2748\2748.vcxproj", "{7626186B-B83F-47DC-8C1B-29B9246EA422}"
EndProject
Project("{8BC9CEB8-8B4A-11D0-8D11-00A0C91BC942}") = "2750", "..\2750\2750.vcxproj", "{12D4E8FE-D81C-4CBF-8106-40FF119CDDEA}"
EndProject
Project("{8BC9CEB8-8B4A-11D0-8D11-00A0C91BC942}") = "2751", "..\2751\2751.vcxproj", "{446D55F2-4E96-4CC1-BD57-0488E28E32DB}"
EndProject
Project("{8BC9CEB8-8B4A-11D0-8D11-00A0C91BC942}") = "2753", "..\2753\2753.vcxproj", "{A87D7B1E-5D23-4E5F-8219-BDA63179A01C}"
EndProject
Project("{8BC9CEB8-8B4A-11D0-8D11-00A0C91BC942}") = "2858", "..\2858\2858.vcxproj", "{D29547BE-CB0E-4ABD-9D51-A1FA5B119099}"
EndProject
Project("{8BC9CEB8-8B4A-11D0-8D11-00A0C91BC942}") = "2920", "..\2920\2920.vcxproj", "{AD5D677B-9EF6-4EF0-80BE-00130D4DE0E4}"
EndProject
Project("{8BC9CEB8-8B4A-11D0-8D11-00A0C91BC942}") = "3758", "..\3758\3758.vcxproj", "{B21BE788-1537-4CBD-AA08-481724FF6427}"
EndProject
Project("{8BC9CEB8-8B4A-11D0-8D11-00A0C91BC942}") = "4641", "..\4641\4641.vcxproj", "{079EDC2C-5A56-4646-812D-DDD2372E2806}"
EndProject
Project("{8BC9CEB8-8B4A-11D0-8D11-00A0C91BC942}") = "5622", "..\5622\5622.vcxproj", "{0FC38408-D33F-47CB-9C15-AF3FD0632D69}"
EndProject
Project("{8BC9CEB8-8B4A-11D0-8D11-00A0C91BC942}") = "7568", "..\7568\7568.vcxproj", "{7049C52B-8FD3-4AAF-99FD-1F34ADF919EE}"
EndProject
Project("{8BC9CEB8-8B4A-11D0-8D11-00A0C91BC942}") = "10814", "..\10814\10814.vcxproj", "{A88910A0-964B-4F65-8802-AB73EDF110A5}"
EndProject
Project("{8BC9CEB8-8B4A-11D0-8D11-00A0C91BC942}") = "10817", "..\10817\10817.vcxproj", "{D770B0E5-9738-4459-81FA-4DE19E9C1515}"
EndProject
Project("{8BC9CEB8-8B4A-11D0-8D11-00A0C91BC942}") = "10818", "..\10818\10818.vcxproj", "{696E4A8F-D8CC-4849-BD94-CCE3EF5B1905}"
EndProject
Project("{8BC9CEB8-8B4A-11D0-8D11-00A0C91BC942}") = "10825", "..\10825\10825.vcxproj", "{B3A2BFF0-B67C-411B-BD6A-5F368F641AB3}"
EndProject
Project("{8BC9CEB8-8B4A-11D0-8D11-00A0C91BC942}") = "10872", "..\10872\10872.vcxproj", "{54C82AB5-6167-4C86-929D-61A6C0372B38}"
EndProject
Project("{8BC9CEB8-8B4A-11D0-8D11-00A0C91BC942}") = "10989", "..\10989\10989.vcxproj", "{36E8EDA8-BECE-4D38-A2EA-08434D775A63}"
EndProject
Project("{8BC9CEB8-8B4A-11D0-8D11-00A0C91BC942}") = "11650", "..\11650\11650.vcxproj", "{E55400F1-B5A9-40B0-AA12-827E884356D5}"
EndProject
Project("{8BC9CEB8-8B4A-11D0-8D11-00A0C91BC942}") = "13410", "..\13410\13410.vcxproj", "{A48751D3-DB66-44E8-B693-670AFD5F412E}"
EndProject
Project("{8BC9CEB8-8B4A-11D0-8D11-00A0C91BC942}") = "14501", "..\14501\14501.vcxproj", "{AC9C28AB-12D9-46AC-97FA-81C6F824AD63}"
EndProject
Project("{8BC9CEB8-8B4A-11D0-8D11-00A0C91BC942}") = "15596", "..\15596\15596.vcxproj", "{0F08CCF7-4F74-4A40-9EB4-28F2BD68AE5C}"
EndProject
Project("{8BC9CEB8-8B4A-11D0-8D11-00A0C91BC942}") = "15649", "..\15649\15649.vcxproj", "{ACE975AD-EBE4-45D9-9563-97B7681D9434}"
EndProject
Project("{8BC9CEB8-8B4A-11D0-8D11-00A0C91BC942}") = "18247", "..\18247\18247.vcxproj", "{19FD7D9B-5013-43CF-98A9-86D63E1FD3F6}"
EndProject
Project("{8BC9CEB8-8B4A-11D0-8D11-00A0C91BC942}") = "9281", "..\9281\9281.vcxproj", "{432ECF1A-AFC5-404C-8862-FECF491AA272}"
EndProject
Project("{8BC9CEB8-8B4A-11D0-8D11-00A0C91BC942}") = "10828", "..\10828\10828.vcxproj", "{2510D9D5-B27D-482C-B29C-B03BB8EAD175}"
EndProject
Project("{8BC9CEB8-8B4A-11D0-8D11-00A0C91BC942}") = "10773", "..\10773\10773.vcxproj", "{B4BF4B47-CB73-483C-B412-503DA7A28CC5}"
EndProject
Project("{8BC9CEB8-8B4A-11D0-8D11-00A0C91BC942}") = "10799", "..\10799\10799.vcxproj", "{CECB372D-9BAD-4AF4-A152-72B21EBD2EE2}"
EndProject
Project("{8BC9CEB8-8B4A-11D0-8D11-00A0C91BC942}") = "2442", "..\2442\2442.vcxproj", "{A2BC3164-722A-4E03-9125-923DE8E96487}"
EndProject
Project("{8BC9CEB8-8B4A-11D0-8D11-00A0C91BC942}") = "12865", "..\12865\12865.vcxproj", "{B167A393-C34A-469C-A22F-2B254E1D7EBC}"
EndProject
Project("{8BC9CEB8-8B4A-11D0-8D11-00A0C91BC942}") = "2445", "..\2445\2445.vcxproj", "{D8E3D1A5-6060-4016-A41A-80ADE72175CA}"
EndProject
Project("{8BC9CEB8-8B4A-11D0-8D11-00A0C91BC942}") = "1085", "..\1085\1085.vcxproj", "{89657FF0-F4E8-45DF-9F38-313854FBD61C}"
EndProject
Project("{8BC9CEB8-8B4A-11D0-8D11-00A0C91BC942}") = "1546", "..\1546\1546.vcxproj", "{829C1109-0366-4A38-9472-2ADB89D0EFAB}"
EndProject
Project("{8BC9CEB8-8B4A-11D0-8D11-00A0C91BC942}") = "1037", "..\1037\1037.vcxproj", "{89869E66-2F63-40A6-86F2-4897D7F10CC8}"
EndProject
Global
	GlobalSection(SolutionConfigurationPlatforms) = preSolution
		Debug|x64 = Debug|x64
		Debug|x86 = Debug|x86
		Release|x64 = Release|x64
		Release|x86 = Release|x86
	EndGlobalSection
	GlobalSection(ProjectConfigurationPlatforms) = postSolution
		{BDDD348D-1944-4365-A63A-59BD8E121ABD}.Debug|x64.ActiveCfg = Debug|x64
		{BDDD348D-1944-4365-A63A-59BD8E121ABD}.Debug|x64.Build.0 = Debug|x64
		{BDDD348D-1944-4365-A63A-59BD8E121ABD}.Debug|x86.ActiveCfg = Debug|Win32
		{BDDD348D-1944-4365-A63A-59BD8E121ABD}.Debug|x86.Build.0 = Debug|Win32
		{BDDD348D-1944-4365-A63A-59BD8E121ABD}.Release|x64.ActiveCfg = Release|x64
		{BDDD348D-1944-4365-A63A-59BD8E121ABD}.Release|x64.Build.0 = Release|x64
		{BDDD348D-1944-4365-A63A-59BD8E121ABD}.Release|x86.ActiveCfg = Release|Win32
		{BDDD348D-1944-4365-A63A-59BD8E121ABD}.Release|x86.Build.0 = Release|Win32
		{CCCF56F5-515F-4A89-BA69-2EBEF56EEA73}.Debug|x64.ActiveCfg = Debug|x64
		{CCCF56F5-515F-4A89-BA69-2EBEF56EEA73}.Debug|x64.Build.0 = Debug|x64
		{CCCF56F5-515F-4A89-BA69-2EBEF56EEA73}.Debug|x86.ActiveCfg = Debug|Win32
		{CCCF56F5-515F-4A89-BA69-2EBEF56EEA73}.Debug|x86.Build.0 = Debug|Win32
		{CCCF56F5-515F-4A89-BA69-2EBEF56EEA73}.Release|x64.ActiveCfg = Release|x64
		{CCCF56F5-515F-4A89-BA69-2EBEF56EEA73}.Release|x64.Build.0 = Release|x64
		{CCCF56F5-515F-4A89-BA69-2EBEF56EEA73}.Release|x86.ActiveCfg = Release|Win32
		{CCCF56F5-515F-4A89-BA69-2EBEF56EEA73}.Release|x86.Build.0 = Release|Win32
		{73F4CEE6-3186-4A85-9373-F27C129A8591}.Debug|x64.ActiveCfg = Debug|x64
		{73F4CEE6-3186-4A85-9373-F27C129A8591}.Debug|x64.Build.0 = Debug|x64
		{73F4CEE6-3186-4A85-9373-F27C129A8591}.Debug|x86.ActiveCfg = Debug|Win32
		{73F4CEE6-3186-4A85-9373-F27C129A8591}.Debug|x86.Build.0 = Debug|Win32
		{73F4CEE6-3186-4A85-9373-F27C129A8591}.Release|x64.ActiveCfg = Release|x64
		{73F4CEE6-3186-4A85-9373-F27C129A8591}.Release|x64.Build.0 = Release|x64
		{73F4CEE6-3186-4A85-9373-F27C129A8591}.Release|x86.ActiveCfg = Release|Win32
		{73F4CEE6-3186-4A85-9373-F27C129A8591}.Release|x86.Build.0 = Release|Win32
		{A31E1110-EEE3-40BF-BB2D-93B3558136B4}.Debug|x64.ActiveCfg = Debug|x64
		{A31E1110-EEE3-40BF-BB2D-93B3558136B4}.Debug|x64.Build.0 = Debug|x64
		{A31E1110-EEE3-40BF-BB2D-93B3558136B4}.Debug|x86.ActiveCfg = Debug|Win32
		{A31E1110-EEE3-40BF-BB2D-93B3558136B4}.Debug|x86.Build.0 = Debug|Win32
		{A31E1110-EEE3-40BF-BB2D-93B3558136B4}.Release|x64.ActiveCfg = Release|x64
		{A31E1110-EEE3-40BF-BB2D-93B3558136B4}.Release|x64.Build.0 = Release|x64
		{A31E1110-EEE3-40BF-BB2D-93B3558136B4}.Release|x86.ActiveCfg = Release|Win32
		{A31E1110-EEE3-40BF-BB2D-93B3558136B4}.Release|x86.Build.0 = Release|Win32
		{67A248FD-F6B6-4910-B7C7-2FFCF756EF49}.Debug|x64.ActiveCfg = Debug|x64
		{67A248FD-F6B6-4910-B7C7-2FFCF756EF49}.Debug|x64.Build.0 = Debug|x64
		{67A248FD-F6B6-4910-B7C7-2FFCF756EF49}.Debug|x86.ActiveCfg = Debug|Win32
		{67A248FD-F6B6-4910-B7C7-2FFCF756EF49}.Debug|x86.Build.0 = Debug|Win32
		{67A248FD-F6B6-4910-B7C7-2FFCF756EF49}.Release|x64.ActiveCfg = Release|x64
		{67A248FD-F6B6-4910-B7C7-2FFCF756EF49}.Release|x64.Build.0 = Release|x64
		{67A248FD-F6B6-4910-B7C7-2FFCF756EF49}.Release|x86.ActiveCfg = Release|Win32
		{67A248FD-F6B6-4910-B7C7-2FFCF756EF49}.Release|x86.Build.0 = Release|Win32
		{24A1700C-482E-41B2-B0CB-0EB4CBB498E9}.Debug|x64.ActiveCfg = Debug|x64
		{24A1700C-482E-41B2-B0CB-0EB4CBB498E9}.Debug|x64.Build.0 = Debug|x64
		{24A1700C-482E-41B2-B0CB-0EB4CBB498E9}.Debug|x86.ActiveCfg = Debug|Win32
		{24A1700C-482E-41B2-B0CB-0EB4CBB498E9}.Debug|x86.Build.0 = Debug|Win32
		{24A1700C-482E-41B2-B0CB-0EB4CBB498E9}.Release|x64.ActiveCfg = Release|x64
		{24A1700C-482E-41B2-B0CB-0EB4CBB498E9}.Release|x64.Build.0 = Release|x64
		{24A1700C-482E-41B2-B0CB-0EB4CBB498E9}.Release|x86.ActiveCfg = Release|Win32
		{24A1700C-482E-41B2-B0CB-0EB4CBB498E9}.Release|x86.Build.0 = Release|Win32
		{59D1F859-B91F-432F-9608-851681C2D90C}.Debug|x64.ActiveCfg = Debug|x64
		{59D1F859-B91F-432F-9608-851681C2D90C}.Debug|x64.Build.0 = Debug|x64
		{59D1F859-B91F-432F-9608-851681C2D90C}.Debug|x86.ActiveCfg = Debug|Win32
		{59D1F859-B91F-432F-9608-851681C2D90C}.Debug|x86.Build.0 = Debug|Win32
		{59D1F859-B91F-432F-9608-851681C2D90C}.Release|x64.ActiveCfg = Release|x64
		{59D1F859-B91F-432F-9608-851681C2D90C}.Release|x64.Build.0 = Release|x64
		{59D1F859-B91F-432F-9608-851681C2D90C}.Release|x86.ActiveCfg = Release|Win32
		{59D1F859-B91F-432F-9608-851681C2D90C}.Release|x86.Build.0 = Release|Win32
		{5596503B-D91A-46EA-9FF8-C449625BA7C4}.Debug|x64.ActiveCfg = Debug|x64
		{5596503B-D91A-46EA-9FF8-C449625BA7C4}.Debug|x64.Build.0 = Debug|x64
		{5596503B-D91A-46EA-9FF8-C449625BA7C4}.Debug|x86.ActiveCfg = Debug|Win32
		{5596503B-D91A-46EA-9FF8-C449625BA7C4}.Debug|x86.Build.0 = Debug|Win32
		{5596503B-D91A-46EA-9FF8-C449625BA7C4}.Release|x64.ActiveCfg = Release|x64
		{5596503B-D91A-46EA-9FF8-C449625BA7C4}.Release|x64.Build.0 = Release|x64
		{5596503B-D91A-46EA-9FF8-C449625BA7C4}.Release|x86.ActiveCfg = Release|Win32
		{5596503B-D91A-46EA-9FF8-C449625BA7C4}.Release|x86.Build.0 = Release|Win32
		{20D3E640-2932-44FD-B8AA-0E51E7363270}.Debug|x64.ActiveCfg = Debug|x64
		{20D3E640-2932-44FD-B8AA-0E51E7363270}.Debug|x64.Build.0 = Debug|x64
		{20D3E640-2932-44FD-B8AA-0E51E7363270}.Debug|x86.ActiveCfg = Debug|Win32
		{20D3E640-2932-44FD-B8AA-0E51E7363270}.Debug|x86.Build.0 = Debug|Win32
		{20D3E640-2932-44FD-B8AA-0E51E7363270}.Release|x64.ActiveCfg = Release|x64
		{20D3E640-2932-44FD-B8AA-0E51E7363270}.Release|x64.Build.0 = Release|x64
		{20D3E640-2932-44FD-B8AA-0E51E7363270}.Release|x86.ActiveCfg = Release|Win32
		{20D3E640-2932-44FD-B8AA-0E51E7363270}.Release|x86.Build.0 = Release|Win32
		{F15E159D-30A5-44CF-9B61-066FA2C3BB73}.Debug|x64.ActiveCfg = Debug|x64
		{F15E159D-30A5-44CF-9B61-066FA2C3BB73}.Debug|x64.Build.0 = Debug|x64
		{F15E159D-30A5-44CF-9B61-066FA2C3BB73}.Debug|x86.ActiveCfg = Debug|Win32
		{F15E159D-30A5-44CF-9B61-066FA2C3BB73}.Debug|x86.Build.0 = Debug|Win32
		{F15E159D-30A5-44CF-9B61-066FA2C3BB73}.Release|x64.ActiveCfg = Release|x64
		{F15E159D-30A5-44CF-9B61-066FA2C3BB73}.Release|x64.Build.0 = Release|x64
		{F15E159D-30A5-44CF-9B61-066FA2C3BB73}.Release|x86.ActiveCfg = Release|Win32
		{F15E159D-30A5-44CF-9B61-066FA2C3BB73}.Release|x86.Build.0 = Release|Win32
		{174DA2DB-7C69-4F95-9EA8-E81D5C45D42D}.Debug|x64.ActiveCfg = Debug|x64
		{174DA2DB-7C69-4F95-9EA8-E81D5C45D42D}.Debug|x64.Build.0 = Debug|x64
		{174DA2DB-7C69-4F95-9EA8-E81D5C45D42D}.Debug|x86.ActiveCfg = Debug|Win32
		{174DA2DB-7C69-4F95-9EA8-E81D5C45D42D}.Debug|x86.Build.0 = Debug|Win32
		{174DA2DB-7C69-4F95-9EA8-E81D5C45D42D}.Release|x64.ActiveCfg = Release|x64
		{174DA2DB-7C69-4F95-9EA8-E81D5C45D42D}.Release|x64.Build.0 = Release|x64
		{174DA2DB-7C69-4F95-9EA8-E81D5C45D42D}.Release|x86.ActiveCfg = Release|Win32
		{174DA2DB-7C69-4F95-9EA8-E81D5C45D42D}.Release|x86.Build.0 = Release|Win32
		{D5917558-0887-4745-947C-2F5CBE20DC04}.Debug|x64.ActiveCfg = Debug|x64
		{D5917558-0887-4745-947C-2F5CBE20DC04}.Debug|x64.Build.0 = Debug|x64
		{D5917558-0887-4745-947C-2F5CBE20DC04}.Debug|x86.ActiveCfg = Debug|Win32
		{D5917558-0887-4745-947C-2F5CBE20DC04}.Debug|x86.Build.0 = Debug|Win32
		{D5917558-0887-4745-947C-2F5CBE20DC04}.Release|x64.ActiveCfg = Release|x64
		{D5917558-0887-4745-947C-2F5CBE20DC04}.Release|x64.Build.0 = Release|x64
		{D5917558-0887-4745-947C-2F5CBE20DC04}.Release|x86.ActiveCfg = Release|Win32
		{D5917558-0887-4745-947C-2F5CBE20DC04}.Release|x86.Build.0 = Release|Win32
		{84315ECF-F9D6-4D5B-A9C5-AB8730AF54D7}.Debug|x64.ActiveCfg = Debug|x64
		{84315ECF-F9D6-4D5B-A9C5-AB8730AF54D7}.Debug|x64.Build.0 = Debug|x64
		{84315ECF-F9D6-4D5B-A9C5-AB8730AF54D7}.Debug|x86.ActiveCfg = Debug|Win32
		{84315ECF-F9D6-4D5B-A9C5-AB8730AF54D7}.Debug|x86.Build.0 = Debug|Win32
		{84315ECF-F9D6-4D5B-A9C5-AB8730AF54D7}.Release|x64.ActiveCfg = Release|x64
		{84315ECF-F9D6-4D5B-A9C5-AB8730AF54D7}.Release|x64.Build.0 = Release|x64
		{84315ECF-F9D6-4D5B-A9C5-AB8730AF54D7}.Release|x86.ActiveCfg = Release|Win32
		{84315ECF-F9D6-4D5B-A9C5-AB8730AF54D7}.Release|x86.Build.0 = Release|Win32
		{7626186B-B83F-47DC-8C1B-29B9246EA422}.Debug|x64.ActiveCfg = Debug|x64
		{7626186B-B83F-47DC-8C1B-29B9246EA422}.Debug|x64.Build.0 = Debug|x64
		{7626186B-B83F-47DC-8C1B-29B9246EA422}.Debug|x86.ActiveCfg = Debug|Win32
		{7626186B-B83F-47DC-8C1B-29B9246EA422}.Debug|x86.Build.0 = Debug|Win32
		{7626186B-B83F-47DC-8C1B-29B9246EA422}.Release|x64.ActiveCfg = Release|x64
		{7626186B-B83F-47DC-8C1B-29B9246EA422}.Release|x64.Build.0 = Release|x64
		{7626186B-B83F-47DC-8C1B-29B9246EA422}.Release|x86.ActiveCfg = Release|Win32
		{7626186B-B83F-47DC-8C1B-29B9246EA422}.Release|x86.Build.0 = Release|Win32
		{12D4E8FE-D81C-4CBF-8106-40FF119CDDEA}.Debug|x64.ActiveCfg = Debug|x64
		{12D4E8FE-D81C-4CBF-8106-40FF119CDDEA}.Debug|x64.Build.0 = Debug|x64
		{12D4E8FE-D81C-4CBF-8106-40FF119CDDEA}.Debug|x86.ActiveCfg = Debug|Win32
		{12D4E8FE-D81C-4CBF-8106-40FF119CDDEA}.Debug|x86.Build.0 = Debug|Win32
		{12D4E8FE-D81C-4CBF-8106-40FF119CDDEA}.Release|x64.ActiveCfg = Release|x64
		{12D4E8FE-D81C-4CBF-8106-40FF119CDDEA}.Release|x64.Build.0 = Release|x64
		{12D4E8FE-D81C-4CBF-8106-40FF119CDDEA}.Release|x86.ActiveCfg = Release|Win32
		{12D4E8FE-D81C-4CBF-8106-40FF119CDDEA}.Release|x86.Build.0 = Release|Win32
		{446D55F2-4E96-4CC1-BD57-0488E28E32DB}.Debug|x64.ActiveCfg = Debug|x64
		{446D55F2-4E96-4CC1-BD57-0488E28E32DB}.Debug|x64.Build.0 = Debug|x64
		{446D55F2-4E96-4CC1-BD57-0488E28E32DB}.Debug|x86.ActiveCfg = Debug|Win32
		{446D55F2-4E96-4CC1-BD57-0488E28E32DB}.Debug|x86.Build.0 = Debug|Win32
		{446D55F2-4E96-4CC1-BD57-0488E28E32DB}.Release|x64.ActiveCfg = Release|x64
		{446D55F2-4E96-4CC1-BD57-0488E28E32DB}.Release|x64.Build.0 = Release|x64
		{446D55F2-4E96-4CC1-BD57-0488E28E32DB}.Release|x86.ActiveCfg = Release|Win32
		{446D55F2-4E96-4CC1-BD57-0488E28E32DB}.Release|x86.Build.0 = Release|Win32
		{A87D7B1E-5D23-4E5F-8219-BDA63179A01C}.Debug|x64.ActiveCfg = Debug|x64
		{A87D7B1E-5D23-4E5F-8219-BDA63179A01C}.Debug|x64.Build.0 = Debug|x64
		{A87D7B1E-5D23-4E5F-8219-BDA63179A01C}.Debug|x86.ActiveCfg = Debug|Win32
		{A87D7B1E-5D23-4E5F-8219-BDA63179A01C}.Debug|x86.Build.0 = Debug|Win32
		{A87D7B1E-5D23-4E5F-8219-BDA63179A01C}.Release|x64.ActiveCfg = Release|x64
		{A87D7B1E-5D23-4E5F-8219-BDA63179A01C}.Release|x64.Build.0 = Release|x64
		{A87D7B1E-5D23-4E5F-8219-BDA63179A01C}.Release|x86.ActiveCfg = Release|Win32
		{A87D7B1E-5D23-4E5F-8219-BDA63179A01C}.Release|x86.Build.0 = Release|Win32
		{D29547BE-CB0E-4ABD-9D51-A1FA5B119099}.Debug|x64.ActiveCfg = Debug|x64
		{D29547BE-CB0E-4ABD-9D51-A1FA5B119099}.Debug|x64.Build.0 = Debug|x64
		{D29547BE-CB0E-4ABD-9D51-A1FA5B119099}.Debug|x86.ActiveCfg = Debug|Win32
		{D29547BE-CB0E-4ABD-9D51-A1FA5B119099}.Debug|x86.Build.0 = Debug|Win32
		{D29547BE-CB0E-4ABD-9D51-A1FA5B119099}.Release|x64.ActiveCfg = Release|x64
		{D29547BE-CB0E-4ABD-9D51-A1FA5B119099}.Release|x64.Build.0 = Release|x64
		{D29547BE-CB0E-4ABD-9D51-A1FA5B119099}.Release|x86.ActiveCfg = Release|Win32
		{D29547BE-CB0E-4ABD-9D51-A1FA5B119099}.Release|x86.Build.0 = Release|Win32
		{AD5D677B-9EF6-4EF0-80BE-00130D4DE0E4}.Debug|x64.ActiveCfg = Debug|x64
		{AD5D677B-9EF6-4EF0-80BE-00130D4DE0E4}.Debug|x64.Build.0 = Debug|x64
		{AD5D677B-9EF6-4EF0-80BE-00130D4DE0E4}.Debug|x86.ActiveCfg = Debug|Win32
		{AD5D677B-9EF6-4EF0-80BE-00130D4DE0E4}.Debug|x86.Build.0 = Debug|Win32
		{AD5D677B-9EF6-4EF0-80BE-00130D4DE0E4}.Release|x64.ActiveCfg = Release|x64
		{AD5D677B-9EF6-4EF0-80BE-00130D4DE0E4}.Release|x64.Build.0 = Release|x64
		{AD5D677B-9EF6-4EF0-80BE-00130D4DE0E4}.Release|x86.ActiveCfg = Release|Win32
		{AD5D677B-9EF6-4EF0-80BE-00130D4DE0E4}.Release|x86.Build.0 = Release|Win32
		{B21BE788-1537-4CBD-AA08-481724FF6427}.Debug|x64.ActiveCfg = Debug|x64
		{B21BE788-1537-4CBD-AA08-481724FF6427}.Debug|x64.Build.0 = Debug|x64
		{B21BE788-1537-4CBD-AA08-481724FF6427}.Debug|x86.ActiveCfg = Debug|Win32
		{B21BE788-1537-4CBD-AA08-481724FF6427}.Debug|x86.Build.0 = Debug|Win32
		{B21BE788-1537-4CBD-AA08-481724FF6427}.Release|x64.ActiveCfg = Release|x64
		{B21BE788-1537-4CBD-AA08-481724FF6427}.Release|x64.Build.0 = Release|x64
		{B21BE788-1537-4CBD-AA08-481724FF6427}.Release|x86.ActiveCfg = Release|Win32
		{B21BE788-1537-4CBD-AA08-481724FF6427}.Release|x86.Build.0 = Release|Win32
		{079EDC2C-5A56-4646-812D-DDD2372E2806}.Debug|x64.ActiveCfg = Debug|x64
		{079EDC2C-5A56-4646-812D-DDD2372E2806}.Debug|x64.Build.0 = Debug|x64
		{079EDC2C-5A56-4646-812D-DDD2372E2806}.Debug|x86.ActiveCfg = Debug|Win32
		{079EDC2C-5A56-4646-812D-DDD2372E2806}.Debug|x86.Build.0 = Debug|Win32
		{079EDC2C-5A56-4646-812D-DDD2372E2806}.Release|x64.ActiveCfg = Release|x64
		{079EDC2C-5A56-4646-812D-DDD2372E2806}.Release|x64.Build.0 = Release|x64
		{079EDC2C-5A56-4646-812D-DDD2372E2806}.Release|x86.ActiveCfg = Release|Win32
		{079EDC2C-5A56-4646-812D-DDD2372E2806}.Release|x86.Build.0 = Release|Win32
		{0FC38408-D33F-47CB-9C15-AF3FD0632D69}.Debug|x64.ActiveCfg = Debug|x64
		{0FC38408-D33F-47CB-9C15-AF3FD0632D69}.Debug|x64.Build.0 = Debug|x64
		{0FC38408-D33F-47CB-9C15-AF3FD0632D69}.Debug|x86.ActiveCfg = Debug|Win32
		{0FC38408-D33F-47CB-9C15-AF3FD0632D69}.Debug|x86.Build.0 = Debug|Win32
		{0FC38408-D33F-47CB-9C15-AF3FD0632D69}.Release|x64.ActiveCfg = Release|x64
		{0FC38408-D33F-47CB-9C15-AF3FD0632D69}.Release|x64.Build.0 = Release|x64
		{0FC38408-D33F-47CB-9C15-AF3FD0632D69}.Release|x86.ActiveCfg = Release|Win32
		{0FC38408-D33F-47CB-9C15-AF3FD0632D69}.Release|x86.Build.0 = Release|Win32
		{7049C52B-8FD3-4AAF-99FD-1F34ADF919EE}.Debug|x64.ActiveCfg = Debug|x64
		{7049C52B-8FD3-4AAF-99FD-1F34ADF919EE}.Debug|x64.Build.0 = Debug|x64
		{7049C52B-8FD3-4AAF-99FD-1F34ADF919EE}.Debug|x86.ActiveCfg = Debug|Win32
		{7049C52B-8FD3-4AAF-99FD-1F34ADF919EE}.Debug|x86.Build.0 = Debug|Win32
		{7049C52B-8FD3-4AAF-99FD-1F34ADF919EE}.Release|x64.ActiveCfg = Release|x64
		{7049C52B-8FD3-4AAF-99FD-1F34ADF919EE}.Release|x64.Build.0 = Release|x64
		{7049C52B-8FD3-4AAF-99FD-1F34ADF919EE}.Release|x86.ActiveCfg = Release|Win32
		{7049C52B-8FD3-4AAF-99FD-1F34ADF919EE}.Release|x86.Build.0 = Release|Win32
		{A88910A0-964B-4F65-8802-AB73EDF110A5}.Debug|x64.ActiveCfg = Debug|x64
		{A88910A0-964B-4F65-8802-AB73EDF110A5}.Debug|x64.Build.0 = Debug|x64
		{A88910A0-964B-4F65-8802-AB73EDF110A5}.Debug|x86.ActiveCfg = Debug|Win32
		{A88910A0-964B-4F65-8802-AB73EDF110A5}.Debug|x86.Build.0 = Debug|Win32
		{A88910A0-964B-4F65-8802-AB73EDF110A5}.Release|x64.ActiveCfg = Release|x64
		{A88910A0-964B-4F65-8802-AB73EDF110A5}.Release|x64.Build.0 = Release|x64
		{A88910A0-964B-4F65-8802-AB73EDF110A5}.Release|x86.ActiveCfg = Release|Win32
		{A88910A0-964B-4F65-8802-AB73EDF110A5}.Release|x86.Build.0 = Release|Win32
		{D770B0E5-9738-4459-81FA-4DE19E9C1515}.Debug|x64.ActiveCfg = Debug|x64
		{D770B0E5-9738-4459-81FA-4DE19E9C1515}.Debug|x64.Build.0 = Debug|x64
		{D770B0E5-9738-4459-81FA-4DE19E9C1515}.Debug|x86.ActiveCfg = Debug|Win32
		{D770B0E5-9738-4459-81FA-4DE19E9C1515}.Debug|x86.Build.0 = Debug|Win32
		{D770B0E5-9738-4459-81FA-4DE19E9C1515}.Release|x64.ActiveCfg = Release|x64
		{D770B0E5-9738-4459-81FA-4DE19E9C1515}.Release|x64.Build.0 = Release|x64
		{D770B0E5-9738-4459-81FA-4DE19E9C1515}.Release|x86.ActiveCfg = Release|Win32
		{D770B0E5-9738-4459-81FA-4DE19E9C1515}.Release|x86.Build.0 = Release|Win32
		{696E4A8F-D8CC-4849-BD94-CCE3EF5B1905}.Debug|x64.ActiveCfg = Debug|x64
		{696E4A8F-D8CC-4849-BD94-CCE3EF5B1905}.Debug|x64.Build.0 = Debug|x64
		{696E4A8F-D8CC-4849-BD94-CCE3EF5B1905}.Debug|x86.ActiveCfg = Debug|Win32
		{696E4A8F-D8CC-4849-BD94-CCE3EF5B1905}.Debug|x86.Build.0 = Debug|Win32
		{696E4A8F-D8CC-4849-BD94-CCE3EF5B1905}.Release|x64.ActiveCfg = Release|x64
		{696E4A8F-D8CC-4849-BD94-CCE3EF5B1905}.Release|x64.Build.0 = Release|x64
		{696E4A8F-D8CC-4849-BD94-CCE3EF5B1905}.Release|x86.ActiveCfg = Release|Win32
		{696E4A8F-D8CC-4849-BD94-CCE3EF5B1905}.Release|x86.Build.0 = Release|Win32
		{B3A2BFF0-B67C-411B-BD6A-5F368F641AB3}.Debug|x64.ActiveCfg = Debug|x64
		{B3A2BFF0-B67C-411B-BD6A-5F368F641AB3}.Debug|x64.Build.0 = Debug|x64
		{B3A2BFF0-B67C-411B-BD6A-5F368F641AB3}.Debug|x86.ActiveCfg = Debug|Win32
		{B3A2BFF0-B67C-411B-BD6A-5F368F641AB3}.Debug|x86.Build.0 = Debug|Win32
		{B3A2BFF0-B67C-411B-BD6A-5F368F641AB3}.Release|x64.ActiveCfg = Release|x64
		{B3A2BFF0-B67C-411B-BD6A-5F368F641AB3}.Release|x64.Build.0 = Release|x64
		{B3A2BFF0-B67C-411B-BD6A-5F368F641AB3}.Release|x86.ActiveCfg = Release|Win32
		{B3A2BFF0-B67C-411B-BD6A-5F368F641AB3}.Release|x86.Build.0 = Release|Win32
		{54C82AB5-6167-4C86-929D-61A6C0372B38}.Debug|x64.ActiveCfg = Debug|x64
		{54C82AB5-6167-4C86-929D-61A6C0372B38}.Debug|x64.Build.0 = Debug|x64
		{54C82AB5-6167-4C86-929D-61A6C0372B38}.Debug|x86.ActiveCfg = Debug|Win32
		{54C82AB5-6167-4C86-929D-61A6C0372B38}.Debug|x86.Build.0 = Debug|Win32
		{54C82AB5-6167-4C86-929D-61A6C0372B38}.Release|x64.ActiveCfg = Release|x64
		{54C82AB5-6167-4C86-929D-61A6C0372B38}.Release|x64.Build.0 = Release|x64
		{54C82AB5-6167-4C86-929D-61A6C0372B38}.Release|x86.ActiveCfg = Release|Win32
		{54C82AB5-6167-4C86-929D-61A6C0372B38}.Release|x86.Build.0 = Release|Win32
		{36E8EDA8-BECE-4D38-A2EA-08434D775A63}.Debug|x64.ActiveCfg = Debug|x64
		{36E8EDA8-BECE-4D38-A2EA-08434D775A63}.Debug|x64.Build.0 = Debug|x64
		{36E8EDA8-BECE-4D38-A2EA-08434D775A63}.Debug|x86.ActiveCfg = Debug|Win32
		{36E8EDA8-BECE-4D38-A2EA-08434D775A63}.Debug|x86.Build.0 = Debug|Win32
		{36E8EDA8-BECE-4D38-A2EA-08434D775A63}.Release|x64.ActiveCfg = Release|x64
		{36E8EDA8-BECE-4D38-A2EA-08434D775A63}.Release|x64.Build.0 = Release|x64
		{36E8EDA8-BECE-4D38-A2EA-08434D775A63}.Release|x86.ActiveCfg = Release|Win32
		{36E8EDA8-BECE-4D38-A2EA-08434D775A63}.Release|x86.Build.0 = Release|Win32
		{E55400F1-B5A9-40B0-AA12-827E884356D5}.Debug|x64.ActiveCfg = Debug|x64
		{E55400F1-B5A9-40B0-AA12-827E884356D5}.Debug|x64.Build.0 = Debug|x64
		{E55400F1-B5A9-40B0-AA12-827E884356D5}.Debug|x86.ActiveCfg = Debug|Win32
		{E55400F1-B5A9-40B0-AA12-827E884356D5}.Debug|x86.Build.0 = Debug|Win32
		{E55400F1-B5A9-40B0-AA12-827E884356D5}.Release|x64.ActiveCfg = Release|x64
		{E55400F1-B5A9-40B0-AA12-827E884356D5}.Release|x64.Build.0 = Release|x64
		{E55400F1-B5A9-40B0-AA12-827E884356D5}.Release|x86.ActiveCfg = Release|Win32
		{E55400F1-B5A9-40B0-AA12-827E884356D5}.Release|x86.Build.0 = Release|Win32
		{A48751D3-DB66-44E8-B693-670AFD5F412E}.Debug|x64.ActiveCfg = Debug|x64
		{A48751D3-DB66-44E8-B693-670AFD5F412E}.Debug|x64.Build.0 = Debug|x64
		{A48751D3-DB66-44E8-B693-670AFD5F412E}.Debug|x86.ActiveCfg = Debug|Win32
		{A48751D3-DB66-44E8-B693-670AFD5F412E}.Debug|x86.Build.0 = Debug|Win32
		{A48751D3-DB66-44E8-B693-670AFD5F412E}.Release|x64.ActiveCfg = Release|x64
		{A48751D3-DB66-44E8-B693-670AFD5F412E}.Release|x64.Build.0 = Release|x64
		{A48751D3-DB66-44E8-B693-670AFD5F412E}.Release|x86.ActiveCfg = Release|Win32
		{A48751D3-DB66-44E8-B693-670AFD5F412E}.Release|x86.Build.0 = Release|Win32
		{AC9C28AB-12D9-46AC-97FA-81C6F824AD63}.Debug|x64.ActiveCfg = Debug|x64
		{AC9C28AB-12D9-46AC-97FA-81C6F824AD63}.Debug|x64.Build.0 = Debug|x64
		{AC9C28AB-12D9-46AC-97FA-81C6F824AD63}.Debug|x86.ActiveCfg = Debug|Win32
		{AC9C28AB-12D9-46AC-97FA-81C6F824AD63}.Debug|x86.Build.0 = Debug|Win32
		{AC9C28AB-12D9-46AC-97FA-81C6F824AD63}.Release|x64.ActiveCfg = Release|x64
		{AC9C28AB-12D9-46AC-97FA-81C6F824AD63}.Release|x64.Build.0 = Release|x64
		{AC9C28AB-12D9-46AC-97FA-81C6F824AD63}.Release|x86.ActiveCfg = Release|Win32
		{AC9C28AB-12D9-46AC-97FA-81C6F824AD63}.Release|x86.Build.0 = Release|Win32
		{0F08CCF7-4F74-4A40-9EB4-28F2BD68AE5C}.Debug|x64.ActiveCfg = Debug|x64
		{0F08CCF7-4F74-4A40-9EB4-28F2BD68AE5C}.Debug|x64.Build.0 = Debug|x64
		{0F08CCF7-4F74-4A40-9EB4-28F2BD68AE5C}.Debug|x86.ActiveCfg = Debug|Win32
		{0F08CCF7-4F74-4A40-9EB4-28F2BD68AE5C}.Debug|x86.Build.0 = Debug|Win32
		{0F08CCF7-4F74-4A40-9EB4-28F2BD68AE5C}.Release|x64.ActiveCfg = Release|x64
		{0F08CCF7-4F74-4A40-9EB4-28F2BD68AE5C}.Release|x64.Build.0 = Release|x64
		{0F08CCF7-4F74-4A40-9EB4-28F2BD68AE5C}.Release|x86.ActiveCfg = Release|Win32
		{0F08CCF7-4F74-4A40-9EB4-28F2BD68AE5C}.Release|x86.Build.0 = Release|Win32
		{ACE975AD-EBE4-45D9-9563-97B7681D9434}.Debug|x64.ActiveCfg = Debug|x64
		{ACE975AD-EBE4-45D9-9563-97B7681D9434}.Debug|x64.Build.0 = Debug|x64
		{ACE975AD-EBE4-45D9-9563-97B7681D9434}.Debug|x86.ActiveCfg = Debug|Win32
		{ACE975AD-EBE4-45D9-9563-97B7681D9434}.Debug|x86.Build.0 = Debug|Win32
		{ACE975AD-EBE4-45D9-9563-97B7681D9434}.Release|x64.ActiveCfg = Release|x64
		{ACE975AD-EBE4-45D9-9563-97B7681D9434}.Release|x64.Build.0 = Release|x64
		{ACE975AD-EBE4-45D9-9563-97B7681D9434}.Release|x86.ActiveCfg = Release|Win32
		{ACE975AD-EBE4-45D9-9563-97B7681D9434}.Release|x86.Build.0 = Release|Win32
		{19FD7D9B-5013-43CF-98A9-86D63E1FD3F6}.Debug|x64.ActiveCfg = Debug|x64
		{19FD7D9B-5013-43CF-98A9-86D63E1FD3F6}.Debug|x64.Build.0 = Debug|x64
		{19FD7D9B-5013-43CF-98A9-86D63E1FD3F6}.Debug|x86.ActiveCfg = Debug|Win32
		{19FD7D9B-5013-43CF-98A9-86D63E1FD3F6}.Debug|x86.Build.0 = Debug|Win32
		{19FD7D9B-5013-43CF-98A9-86D63E1FD3F6}.Release|x64.ActiveCfg = Release|x64
		{19FD7D9B-5013-43CF-98A9-86D63E1FD3F6}.Release|x64.Build.0 = Release|x64
		{19FD7D9B-5013-43CF-98A9-86D63E1FD3F6}.Release|x86.ActiveCfg = Release|Win32
		{19FD7D9B-5013-43CF-98A9-86D63E1FD3F6}.Release|x86.Build.0 = Release|Win32
		{432ECF1A-AFC5-404C-8862-FECF491AA272}.Debug|x64.ActiveCfg = Debug|x64
		{432ECF1A-AFC5-404C-8862-FECF491AA272}.Debug|x64.Build.0 = Debug|x64
		{432ECF1A-AFC5-404C-8862-FECF491AA272}.Debug|x86.ActiveCfg = Debug|Win32
		{432ECF1A-AFC5-404C-8862-FECF491AA272}.Debug|x86.Build.0 = Debug|Win32
		{432ECF1A-AFC5-404C-8862-FECF491AA272}.Release|x64.ActiveCfg = Release|x64
		{432ECF1A-AFC5-404C-8862-FECF491AA272}.Release|x64.Build.0 = Release|x64
		{432ECF1A-AFC5-404C-8862-FECF491AA272}.Release|x86.ActiveCfg = Release|Win32
		{432ECF1A-AFC5-404C-8862-FECF491AA272}.Release|x86.Build.0 = Release|Win32
		{2510D9D5-B27D-482C-B29C-B03BB8EAD175}.Debug|x64.ActiveCfg = Debug|x64
		{2510D9D5-B27D-482C-B29C-B03BB8EAD175}.Debug|x64.Build.0 = Debug|x64
		{2510D9D5-B27D-482C-B29C-B03BB8EAD175}.Debug|x86.ActiveCfg = Debug|Win32
		{2510D9D5-B27D-482C-B29C-B03BB8EAD175}.Debug|x86.Build.0 = Debug|Win32
		{2510D9D5-B27D-482C-B29C-B03BB8EAD175}.Release|x64.ActiveCfg = Release|x64
		{2510D9D5-B27D-482C-B29C-B03BB8EAD175}.Release|x64.Build.0 = Release|x64
		{2510D9D5-B27D-482C-B29C-B03BB8EAD175}.Release|x86.ActiveCfg = Release|Win32
		{2510D9D5-B27D-482C-B29C-B03BB8EAD175}.Release|x86.Build.0 = Release|Win32
		{B4BF4B47-CB73-483C-B412-503DA7A28CC5}.Debug|x64.ActiveCfg = Debug|x64
		{B4BF4B47-CB73-483C-B412-503DA7A28CC5}.Debug|x64.Build.0 = Debug|x64
		{B4BF4B47-CB73-483C-B412-503DA7A28CC5}.Debug|x86.ActiveCfg = Debug|Win32
		{B4BF4B47-CB73-483C-B412-503DA7A28CC5}.Debug|x86.Build.0 = Debug|Win32
		{B4BF4B47-CB73-483C-B412-503DA7A28CC5}.Release|x64.ActiveCfg = Release|x64
		{B4BF4B47-CB73-483C-B412-503DA7A28CC5}.Release|x64.Build.0 = Release|x64
		{B4BF4B47-CB73-483C-B412-503DA7A28CC5}.Release|x86.ActiveCfg = Release|Win32
		{B4BF4B47-CB73-483C-B412-503DA7A28CC5}.Release|x86.Build.0 = Release|Win32
		{CECB372D-9BAD-4AF4-A152-72B21EBD2EE2}.Debug|x64.ActiveCfg = Debug|x64
		{CECB372D-9BAD-4AF4-A152-72B21EBD2EE2}.Debug|x64.Build.0 = Debug|x64
		{CECB372D-9BAD-4AF4-A152-72B21EBD2EE2}.Debug|x86.ActiveCfg = Debug|Win32
		{CECB372D-9BAD-4AF4-A152-72B21EBD2EE2}.Debug|x86.Build.0 = Debug|Win32
		{CECB372D-9BAD-4AF4-A152-72B21EBD2EE2}.Release|x64.ActiveCfg = Release|x64
		{CECB372D-9BAD-4AF4-A152-72B21EBD2EE2}.Release|x64.Build.0 = Release|x64
		{CECB372D-9BAD-4AF4-A152-72B21EBD2EE2}.Release|x86.ActiveCfg = Release|Win32
		{CECB372D-9BAD-4AF4-A152-72B21EBD2EE2}.Release|x86.Build.0 = Release|Win32
		{A2BC3164-722A-4E03-9125-923DE8E96487}.Debug|x64.ActiveCfg = Debug|x64
		{A2BC3164-722A-4E03-9125-923DE8E96487}.Debug|x64.Build.0 = Debug|x64
		{A2BC3164-722A-4E03-9125-923DE8E96487}.Debug|x86.ActiveCfg = Debug|Win32
		{A2BC3164-722A-4E03-9125-923DE8E96487}.Debug|x86.Build.0 = Debug|Win32
		{A2BC3164-722A-4E03-9125-923DE8E96487}.Release|x64.ActiveCfg = Release|x64
		{A2BC3164-722A-4E03-9125-923DE8E96487}.Release|x64.Build.0 = Release|x64
		{A2BC3164-722A-4E03-9125-923DE8E96487}.Release|x86.ActiveCfg = Release|Win32
		{A2BC3164-722A-4E03-9125-923DE8E96487}.Release|x86.Build.0 = Release|Win32
		{B167A393-C34A-469C-A22F-2B254E1D7EBC}.Debug|x64.ActiveCfg = Debug|x64
		{B167A393-C34A-469C-A22F-2B254E1D7EBC}.Debug|x64.Build.0 = Debug|x64
		{B167A393-C34A-469C-A22F-2B254E1D7EBC}.Debug|x86.ActiveCfg = Debug|Win32
		{B167A393-C34A-469C-A22F-2B254E1D7EBC}.Debug|x86.Build.0 = Debug|Win32
		{B167A393-C34A-469C-A22F-2B254E1D7EBC}.Release|x64.ActiveCfg = Release|x64
		{B167A393-C34A-469C-A22F-2B254E1D7EBC}.Release|x64.Build.0 = Release|x64
		{B167A393-C34A-469C-A22F-2B254E1D7EBC}.Release|x86.ActiveCfg = Release|Win32
		{B167A393-C34A-469C-A22F-2B254E1D7EBC}.Release|x86.Build.0 = Release|Win32
		{D8E3D1A5-6060-4016-A41A-80ADE72175CA}.Debug|x64.ActiveCfg = Debug|x64
		{D8E3D1A5-6060-4016-A41A-80ADE72175CA}.Debug|x64.Build.0 = Debug|x64
		{D8E3D1A5-6060-4016-A41A-80ADE72175CA}.Debug|x86.ActiveCfg = Debug|Win32
		{D8E3D1A5-6060-4016-A41A-80ADE72175CA}.Debug|x86.Build.0 = Debug|Win32
		{D8E3D1A5-6060-4016-A41A-80ADE72175CA}.Release|x64.ActiveCfg = Release|x64
		{D8E3D1A5-6060-4016-A41A-80ADE72175CA}.Release|x64.Build.0 = Release|x64
		{D8E3D1A5-6060-4016-A41A-80ADE72175CA}.Release|x86.ActiveCfg = Release|Win32
		{D8E3D1A5-6060-4016-A41A-80ADE72175CA}.Release|x86.Build.0 = Release|Win32
		{89657FF0-F4E8-45DF-9F38-313854FBD61C}.Debug|x64.ActiveCfg = Debug|x64
		{89657FF0-F4E8-45DF-9F38-313854FBD61C}.Debug|x64.Build.0 = Debug|x64
		{89657FF0-F4E8-45DF-9F38-313854FBD61C}.Debug|x86.ActiveCfg = Debug|Win32
		{89657FF0-F4E8-45DF-9F38-313854FBD61C}.Debug|x86.Build.0 = Debug|Win32
		{89657FF0-F4E8-45DF-9F38-313854FBD61C}.Release|x64.ActiveCfg = Release|x64
		{89657FF0-F4E8-45DF-9F38-313854FBD61C}.Release|x64.Build.0 = Release|x64
		{89657FF0-F4E8-45DF-9F38-313854FBD61C}.Release|x86.ActiveCfg = Release|Win32
		{89657FF0-F4E8-45DF-9F38-313854FBD61C}.Release|x86.Build.0 = Release|Win32
		{829C1109-0366-4A38-9472-2ADB89D0EFAB}.Debug|x64.ActiveCfg = Debug|x64
		{829C1109-0366-4A38-9472-2ADB89D0EFAB}.Debug|x64.Build.0 = Debug|x64
		{829C1109-0366-4A38-9472-2ADB89D0EFAB}.Debug|x86.ActiveCfg = Debug|Win32
		{829C1109-0366-4A38-9472-2ADB89D0EFAB}.Debug|x86.Build.0 = Debug|Win32
		{829C1109-0366-4A38-9472-2ADB89D0EFAB}.Release|x64.ActiveCfg = Release|x64
		{829C1109-0366-4A38-9472-2ADB89D0EFAB}.Release|x64.Build.0 = Release|x64
		{829C1109-0366-4A38-9472-2ADB89D0EFAB}.Release|x86.ActiveCfg = Release|Win32
		{829C1109-0366-4A38-9472-2ADB89D0EFAB}.Release|x86.Build.0 = Release|Win32
		{89869E66-2F63-40A6-86F2-4897D7F10CC8}.Debug|x64.ActiveCfg = Debug|x64
		{89869E66-2F63-40A6-86F2-4897D7F10CC8}.Debug|x64.Build.0 = Debug|x64
		{89869E66-2F63-40A6-86F2-4897D7F10CC8}.Debug|x86.ActiveCfg = Debug|Win32
		{89869E66-2F63-40A6-86F2-4897D7F10CC8}.Debug|x86.Build.0 = Debug|Win32
		{89869E66-2F63-40A6-86F2-4897D7F10CC8}.Release|x64.ActiveCfg = Release|x64
		{89869E66-2F63-40A6-86F2-4897D7F10CC8}.Release|x64.Build.0 = Release|x64
		{89869E66-2F63-40A6-86F2-4897D7F10CC8}.Release|x86.ActiveCfg = Release|Win32
		{89869E66-2F63-40A6-86F2-4897D7F10CC8}.Release|x86.Build.0 = Release|Win32
	EndGlobalSection
	GlobalSection(SolutionProperties) = preSolution
		HideSolutionNode = FALSE
	EndGlobalSection
	GlobalSection(ExtensibilityGlobals) = postSolution
		SolutionGuid = {4DB32A2B-8F72-46AE-99A8-D72565BDF0D3}
	EndGlobalSection
EndGlobal
